// !$*UTF8*$!
{
	archiveVersion = 1;
	classes = {
	};
	objectVersion = 46;
	objects = {

/* Begin PBXBuildFile section */
		040F1F1C1E232DA1008BB5E8 /* AppDelegate.swift in Sources */ = {isa = PBXBuildFile; fileRef = 040F1F1B1E232DA1008BB5E8 /* AppDelegate.swift */; };
		040F1F231E232DA1008BB5E8 /* Assets.xcassets in Resources */ = {isa = PBXBuildFile; fileRef = 040F1F221E232DA1008BB5E8 /* Assets.xcassets */; };
		040F1F311E232DA2008BB5E8 /* WeiboSwiftTests.swift in Sources */ = {isa = PBXBuildFile; fileRef = 040F1F301E232DA2008BB5E8 /* WeiboSwiftTests.swift */; };
		040F1F3C1E232DA2008BB5E8 /* WeiboSwiftUITests.swift in Sources */ = {isa = PBXBuildFile; fileRef = 040F1F3B1E232DA2008BB5E8 /* WeiboSwiftUITests.swift */; };
		041145651E543C540006DF3E /* HMEmoticon.bundle in Resources */ = {isa = PBXBuildFile; fileRef = 041145641E543C540006DF3E /* HMEmoticon.bundle */; };
		041145671E543C770006DF3E /* LLEmoticonManager.swift in Sources */ = {isa = PBXBuildFile; fileRef = 041145661E543C770006DF3E /* LLEmoticonManager.swift */; };
		041145691E54418B0006DF3E /* LLEmoticon.swift in Sources */ = {isa = PBXBuildFile; fileRef = 041145681E54418B0006DF3E /* LLEmoticon.swift */; };
		0411456B1E5441ED0006DF3E /* LLEmoticonPackage.swift in Sources */ = {isa = PBXBuildFile; fileRef = 0411456A1E5441ED0006DF3E /* LLEmoticonPackage.swift */; };
		04124AEB1E5C183200E22547 /* SDBrowserImageView.m in Sources */ = {isa = PBXBuildFile; fileRef = 04124AE51E5C183200E22547 /* SDBrowserImageView.m */; };
		04124AEC1E5C183200E22547 /* SDPhotoBrowser.m in Sources */ = {isa = PBXBuildFile; fileRef = 04124AE71E5C183200E22547 /* SDPhotoBrowser.m */; };
		04124AED1E5C183200E22547 /* SDWaitingView.m in Sources */ = {isa = PBXBuildFile; fileRef = 04124AEA1E5C183200E22547 /* SDWaitingView.m */; };
		041945C51E496E9C0069E586 /* WBStatusCell.swift in Sources */ = {isa = PBXBuildFile; fileRef = 041945C41E496E9C0069E586 /* WBStatusCell.swift */; };
		041945C91E496EF40069E586 /* WBStatusNormalCell.xib in Resources */ = {isa = PBXBuildFile; fileRef = 041945C81E496EF40069E586 /* WBStatusNormalCell.xib */; };
		041945CF1E497AE70069E586 /* WBStatusViewModel.swift in Sources */ = {isa = PBXBuildFile; fileRef = 041945CE1E497AE70069E586 /* WBStatusViewModel.swift */; };
		041945D11E4997EA0069E586 /* UIImageView+WebImage.swift in Sources */ = {isa = PBXBuildFile; fileRef = 041945D01E4997EA0069E586 /* UIImageView+WebImage.swift */; };
		041945D31E49ADA90069E586 /* WBStatusToolBar.swift in Sources */ = {isa = PBXBuildFile; fileRef = 041945D21E49ADA90069E586 /* WBStatusToolBar.swift */; };
		041945D51E49B44C0069E586 /* WBStatusPictureView.swift in Sources */ = {isa = PBXBuildFile; fileRef = 041945D41E49B44C0069E586 /* WBStatusPictureView.swift */; };
		047F7DA91E2332B70042B2FF /* WBMainViewController.swift in Sources */ = {isa = PBXBuildFile; fileRef = 047F7DA81E2332B70042B2FF /* WBMainViewController.swift */; };
		047F7DAD1E2332F30042B2FF /* WBMeViewController.swift in Sources */ = {isa = PBXBuildFile; fileRef = 047F7DAC1E2332F30042B2FF /* WBMeViewController.swift */; };
		047F7DB11E2334740042B2FF /* NSObject+Extension.swift in Sources */ = {isa = PBXBuildFile; fileRef = 047F7DAF1E2334740042B2FF /* NSObject+Extension.swift */; };
		047F7DB21E2334740042B2FF /* Bundle+Extension.swift in Sources */ = {isa = PBXBuildFile; fileRef = 047F7DB01E2334740042B2FF /* Bundle+Extension.swift */; };
		047F7DB91E2363910042B2FF /* WBMessageViewController.swift in Sources */ = {isa = PBXBuildFile; fileRef = 047F7DB81E2363910042B2FF /* WBMessageViewController.swift */; };
		047F7DBD1E23640D0042B2FF /* WBDiscoverViewController.swift in Sources */ = {isa = PBXBuildFile; fileRef = 047F7DBC1E23640D0042B2FF /* WBDiscoverViewController.swift */; };
		047F7DBF1E2368ED0042B2FF /* UIImage+Extension.swift in Sources */ = {isa = PBXBuildFile; fileRef = 047F7DBE1E2368ED0042B2FF /* UIImage+Extension.swift */; };
		04C984E11E4DD23300B38293 /* WBComposeTypeView.swift in Sources */ = {isa = PBXBuildFile; fileRef = 04C984E01E4DD23300B38293 /* WBComposeTypeView.swift */; };
		04C984E31E4DD24100B38293 /* WBComposeView.xib in Resources */ = {isa = PBXBuildFile; fileRef = 04C984E21E4DD24100B38293 /* WBComposeView.xib */; };
		04C984E51E4DD6C400B38293 /* WBComposeTypebutton.xib in Resources */ = {isa = PBXBuildFile; fileRef = 04C984E41E4DD6C400B38293 /* WBComposeTypebutton.xib */; };
		04C984E71E4DD6CE00B38293 /* WBComposeTypebutton.swift in Sources */ = {isa = PBXBuildFile; fileRef = 04C984E61E4DD6CE00B38293 /* WBComposeTypebutton.swift */; };
		04CB13F81E4AB20A002A3771 /* WBStatusReweetedCell.xib in Resources */ = {isa = PBXBuildFile; fileRef = 04CB13F71E4AB20A002A3771 /* WBStatusReweetedCell.xib */; };
		04D3BC731E557E1B00615446 /* WBWebViewController.swift in Sources */ = {isa = PBXBuildFile; fileRef = 04D3BC721E557E1B00615446 /* WBWebViewController.swift */; };
		04D3BC751E55859300615446 /* WBCompViewController.xib in Resources */ = {isa = PBXBuildFile; fileRef = 04D3BC741E55859300615446 /* WBCompViewController.xib */; };
		04D4F46C1E5699EF00354A45 /* WBComposeTextView.swift in Sources */ = {isa = PBXBuildFile; fileRef = 04D4F46B1E5699EF00354A45 /* WBComposeTextView.swift */; };
		04DDFC851E2DB808009F778A /* WBStatusListViewModel.swift in Sources */ = {isa = PBXBuildFile; fileRef = 04DDFC841E2DB808009F778A /* WBStatusListViewModel.swift */; };
		04E289A51E542AFB00891F92 /* String+Extension.swift in Sources */ = {isa = PBXBuildFile; fileRef = 04E289A41E542AFB00891F92 /* String+Extension.swift */; };
		04EA79F81E51A08100553023 /* WBCompViewController.swift in Sources */ = {isa = PBXBuildFile; fileRef = 04EA79F71E51A08100553023 /* WBCompViewController.swift */; };
		04EB351D1E28CFBF0069D2C4 /* WBVisitorView.swift in Sources */ = {isa = PBXBuildFile; fileRef = 04EB351C1E28CFBF0069D2C4 /* WBVisitorView.swift */; };
		04EBC5001E24D4E8007A3E13 /* WBBaseViewController.swift in Sources */ = {isa = PBXBuildFile; fileRef = 04EBC4FF1E24D4E8007A3E13 /* WBBaseViewController.swift */; };
		04EBC5021E24D938007A3E13 /* WBHomeViewController.swift in Sources */ = {isa = PBXBuildFile; fileRef = 04EBC5011E24D938007A3E13 /* WBHomeViewController.swift */; };
		04EBC5051E24DCFB007A3E13 /* WBNavigationViewController.swift in Sources */ = {isa = PBXBuildFile; fileRef = 04EBC5041E24DCFB007A3E13 /* WBNavigationViewController.swift */; };
		04EBC5091E24DE88007A3E13 /* UIBarButtonItem+Extension.swift in Sources */ = {isa = PBXBuildFile; fileRef = 04EBC5081E24DE88007A3E13 /* UIBarButtonItem+Extension.swift */; };
		04EBC50B1E24E7CC007A3E13 /* UIColor+Extension.swift in Sources */ = {isa = PBXBuildFile; fileRef = 04EBC50A1E24E7CC007A3E13 /* UIColor+Extension.swift */; };
		04F81ADC1E2F1A9600A0DECB /* UIScrollView+Extension.swift in Sources */ = {isa = PBXBuildFile; fileRef = 04F81ADB1E2F1A9600A0DECB /* UIScrollView+Extension.swift */; };
		04F81ADE1E2F385300A0DECB /* WeiboCommon.swift in Sources */ = {isa = PBXBuildFile; fileRef = 04F81ADD1E2F385300A0DECB /* WeiboCommon.swift */; };
		04F81AE01E2F3F0C00A0DECB /* WBOAuthViewController.swift in Sources */ = {isa = PBXBuildFile; fileRef = 04F81ADF1E2F3F0C00A0DECB /* WBOAuthViewController.swift */; };
		04FA30E41E29C1A8002F6151 /* main.json in Resources */ = {isa = PBXBuildFile; fileRef = 04FA30E31E29C1A8002F6151 /* main.json */; };
		04FC9A541E57FAB500DC8BA5 /* LLEmoticonInputView.swift in Sources */ = {isa = PBXBuildFile; fileRef = 04FC9A4F1E57FAB500DC8BA5 /* LLEmoticonInputView.swift */; };
		04FC9A551E57FAB500DC8BA5 /* LLEmoticonInputView.xib in Resources */ = {isa = PBXBuildFile; fileRef = 04FC9A501E57FAB500DC8BA5 /* LLEmoticonInputView.xib */; };
		04FC9A561E57FAB500DC8BA5 /* LLEmoticonToolBar.swift in Sources */ = {isa = PBXBuildFile; fileRef = 04FC9A511E57FAB500DC8BA5 /* LLEmoticonToolBar.swift */; };
		04FC9A571E57FAB500DC8BA5 /* LLEmoticonCell.swift in Sources */ = {isa = PBXBuildFile; fileRef = 04FC9A521E57FAB500DC8BA5 /* LLEmoticonCell.swift */; };
		04FC9A581E57FAB500DC8BA5 /* LLEmotictionLayout.swift in Sources */ = {isa = PBXBuildFile; fileRef = 04FC9A531E57FAB500DC8BA5 /* LLEmotictionLayout.swift */; };
		04FC9A5C1E57FBAB00DC8BA5 /* LLEmotionAttachment.swift in Sources */ = {isa = PBXBuildFile; fileRef = 04FC9A5B1E57FBAB00DC8BA5 /* LLEmotionAttachment.swift */; };
		04FC9AA21E58386700DC8BA5 /* WBStatusListDAL.swift in Sources */ = {isa = PBXBuildFile; fileRef = 04FC9AA11E58386700DC8BA5 /* WBStatusListDAL.swift */; };
		04FC9AA61E58399900DC8BA5 /* LNGSQLiteManger.swift in Sources */ = {isa = PBXBuildFile; fileRef = 04FC9AA41E58399900DC8BA5 /* LNGSQLiteManger.swift */; };
		04FC9AA71E58399900DC8BA5 /* status.sql in Resources */ = {isa = PBXBuildFile; fileRef = 04FC9AA51E58399900DC8BA5 /* status.sql */; };
		567509751E597D2B0039D3A7 /* Date+Extension.swift in Sources */ = {isa = PBXBuildFile; fileRef = 567509741E597D2B0039D3A7 /* Date+Extension.swift */; };
		567509771E5983DC0039D3A7 /* LLEMoticonTipView.swift in Sources */ = {isa = PBXBuildFile; fileRef = 567509761E5983DB0039D3A7 /* LLEMoticonTipView.swift */; };
		56DB6B281E474D9800A551A7 /* UserAccount.swift in Sources */ = {isa = PBXBuildFile; fileRef = 56DB6B271E474D9700A551A7 /* UserAccount.swift */; };
		92B612DEC031C8C61DA3C52F /* Pods_WeiboSwift.framework in Frameworks */ = {isa = PBXBuildFile; fileRef = 3258B37946EDF128A0824230 /* Pods_WeiboSwift.framework */; };
		CE786CA820CFB4CA0002F996 /* StatusViewModel.swift in Sources */ = {isa = PBXBuildFile; fileRef = CE786CA720CFB4CA0002F996 /* StatusViewModel.swift */; };
		CE786CAA20CFD4940002F996 /* NSMutableAttributedString+Extensions.swift in Sources */ = {isa = PBXBuildFile; fileRef = CE786CA920CFD4940002F996 /* NSMutableAttributedString+Extensions.swift */; };
		CE8B33B520BFCD0A001A78F4 /* UIView+Extensions.swift in Sources */ = {isa = PBXBuildFile; fileRef = CE8B33B420BFCD09001A78F4 /* UIView+Extensions.swift */; };
		CE8B33B920C00708001A78F4 /* StatusModel.swift in Sources */ = {isa = PBXBuildFile; fileRef = CE8B33B820C00708001A78F4 /* StatusModel.swift */; };
		CE8B33BB20C007B0001A78F4 /* UserModel.swift in Sources */ = {isa = PBXBuildFile; fileRef = CE8B33BA20C007B0001A78F4 /* UserModel.swift */; };
		CE8B33BD20C0083B001A78F4 /* StatusPictureModel.swift in Sources */ = {isa = PBXBuildFile; fileRef = CE8B33BC20C0083B001A78F4 /* StatusPictureModel.swift */; };
		CE8B33C120C00C34001A78F4 /* Optional+Extensions.swift in Sources */ = {isa = PBXBuildFile; fileRef = CE8B33C020C00C34001A78F4 /* Optional+Extensions.swift */; };
		CEBDE97620BE7DB1009399D9 /* UIScrollView+Extensions.swift in Sources */ = {isa = PBXBuildFile; fileRef = CEBDE97520BE7DB1009399D9 /* UIScrollView+Extensions.swift */; };
		CEBDE98220BE7ED5009399D9 /* StoryboardBased.swift in Sources */ = {isa = PBXBuildFile; fileRef = CEBDE97A20BE7ED5009399D9 /* StoryboardBased.swift */; };
		CEBDE98320BE7ED5009399D9 /* StoryboardSceneBased.swift in Sources */ = {isa = PBXBuildFile; fileRef = CEBDE97B20BE7ED5009399D9 /* StoryboardSceneBased.swift */; };
		CEBDE98420BE7ED5009399D9 /* NibLoadable.swift in Sources */ = {isa = PBXBuildFile; fileRef = CEBDE97D20BE7ED5009399D9 /* NibLoadable.swift */; };
		CEBDE98520BE7ED5009399D9 /* NibOwnerLoadable.swift in Sources */ = {isa = PBXBuildFile; fileRef = CEBDE97E20BE7ED5009399D9 /* NibOwnerLoadable.swift */; };
		CEBDE98620BE7ED5009399D9 /* Reusable.swift in Sources */ = {isa = PBXBuildFile; fileRef = CEBDE97F20BE7ED5009399D9 /* Reusable.swift */; };
		CEBDE98720BE7ED5009399D9 /* UICollectionView+Reusable.swift in Sources */ = {isa = PBXBuildFile; fileRef = CEBDE98020BE7ED5009399D9 /* UICollectionView+Reusable.swift */; };
		CEBDE98820BE7ED5009399D9 /* UITableView+Reusable.swift in Sources */ = {isa = PBXBuildFile; fileRef = CEBDE98120BE7ED5009399D9 /* UITableView+Reusable.swift */; };
		CEBDE98B20BE85FF009399D9 /* DecodeJsoner.swift in Sources */ = {isa = PBXBuildFile; fileRef = CEBDE98A20BE85FF009399D9 /* DecodeJsoner.swift */; };
		CEBDE98D20BE9712009399D9 /* HttpsRequest.swift in Sources */ = {isa = PBXBuildFile; fileRef = CEBDE98C20BE9712009399D9 /* HttpsRequest.swift */; };
		CEBDE99520BE9732009399D9 /* CircleProgressView.swift in Sources */ = {isa = PBXBuildFile; fileRef = CEBDE98F20BE9731009399D9 /* CircleProgressView.swift */; };
		CEBDE99620BE9732009399D9 /* ProgressHUD+Layout.swift in Sources */ = {isa = PBXBuildFile; fileRef = CEBDE99020BE9731009399D9 /* ProgressHUD+Layout.swift */; };
		CEBDE99720BE9732009399D9 /* ProgressHUD.swift in Sources */ = {isa = PBXBuildFile; fileRef = CEBDE99120BE9731009399D9 /* ProgressHUD.swift */; };
		CEBDE99820BE9732009399D9 /* RotationView.swift in Sources */ = {isa = PBXBuildFile; fileRef = CEBDE99220BE9731009399D9 /* RotationView.swift */; };
		CEBDE99920BE9732009399D9 /* SucceedStatusView.swift in Sources */ = {isa = PBXBuildFile; fileRef = CEBDE99320BE9731009399D9 /* SucceedStatusView.swift */; };
		CEBDE99A20BE9732009399D9 /* UIView+HUD.swift in Sources */ = {isa = PBXBuildFile; fileRef = CEBDE99420BE9731009399D9 /* UIView+HUD.swift */; };
		CEBDE99C20BEA6C6009399D9 /* SingletonData.swift in Sources */ = {isa = PBXBuildFile; fileRef = CEBDE99B20BEA6C6009399D9 /* SingletonData.swift */; };
		CEEF36CB20CF7D1700D8D148 /* RefreshView.xib in Resources */ = {isa = PBXBuildFile; fileRef = CEEF36C620CF7D1600D8D148 /* RefreshView.xib */; };
		CEEF36CC20CF7D1700D8D148 /* RefreshFooterView.swift in Sources */ = {isa = PBXBuildFile; fileRef = CEEF36C720CF7D1600D8D148 /* RefreshFooterView.swift */; };
		CEEF36CD20CF7D1700D8D148 /* RefreshHeaderView.swift in Sources */ = {isa = PBXBuildFile; fileRef = CEEF36C820CF7D1700D8D148 /* RefreshHeaderView.swift */; };
		CEEF36CE20CF7D1700D8D148 /* ScrollRefresh.swift in Sources */ = {isa = PBXBuildFile; fileRef = CEEF36C920CF7D1700D8D148 /* ScrollRefresh.swift */; };
		CEEF36CF20CF7D1700D8D148 /* RefreshView.swift in Sources */ = {isa = PBXBuildFile; fileRef = CEEF36CA20CF7D1700D8D148 /* RefreshView.swift */; };
		CEEF36D120CF969700D8D148 /* StatusNormalCell.swift in Sources */ = {isa = PBXBuildFile; fileRef = CEEF36D020CF969700D8D148 /* StatusNormalCell.swift */; };
		CEEF36D320CF993B00D8D148 /* Common.swift in Sources */ = {isa = PBXBuildFile; fileRef = CEEF36D220CF993B00D8D148 /* Common.swift */; };
		CEEF36D520CF9CB700D8D148 /* Int+Extensions.swift in Sources */ = {isa = PBXBuildFile; fileRef = CEEF36D420CF9CB700D8D148 /* Int+Extensions.swift */; };
		CEEF36D720CF9DBF00D8D148 /* StatusLayout.swift in Sources */ = {isa = PBXBuildFile; fileRef = CEEF36D620CF9DBF00D8D148 /* StatusLayout.swift */; };
		CEEF36D920CF9EF100D8D148 /* Constant.swift in Sources */ = {isa = PBXBuildFile; fileRef = CEEF36D820CF9EF100D8D148 /* Constant.swift */; };
		CEEF36DB20CF9F7300D8D148 /* CGRect+Extensions.swift in Sources */ = {isa = PBXBuildFile; fileRef = CEEF36DA20CF9F7300D8D148 /* CGRect+Extensions.swift */; };
/* End PBXBuildFile section */

/* Begin PBXContainerItemProxy section */
		040F1F2D1E232DA2008BB5E8 /* PBXContainerItemProxy */ = {
			isa = PBXContainerItemProxy;
			containerPortal = 040F1F101E232DA1008BB5E8 /* Project object */;
			proxyType = 1;
			remoteGlobalIDString = 040F1F171E232DA1008BB5E8;
			remoteInfo = WeiboSwift;
		};
		040F1F381E232DA2008BB5E8 /* PBXContainerItemProxy */ = {
			isa = PBXContainerItemProxy;
			containerPortal = 040F1F101E232DA1008BB5E8 /* Project object */;
			proxyType = 1;
			remoteGlobalIDString = 040F1F171E232DA1008BB5E8;
			remoteInfo = WeiboSwift;
		};
/* End PBXContainerItemProxy section */

/* Begin PBXFileReference section */
		040F1F181E232DA1008BB5E8 /* WeiboSwift.app */ = {isa = PBXFileReference; explicitFileType = wrapper.application; includeInIndex = 0; path = WeiboSwift.app; sourceTree = BUILT_PRODUCTS_DIR; };
		040F1F1B1E232DA1008BB5E8 /* AppDelegate.swift */ = {isa = PBXFileReference; lastKnownFileType = sourcecode.swift; path = AppDelegate.swift; sourceTree = "<group>"; };
		040F1F221E232DA1008BB5E8 /* Assets.xcassets */ = {isa = PBXFileReference; lastKnownFileType = folder.assetcatalog; path = Assets.xcassets; sourceTree = "<group>"; };
		040F1F271E232DA1008BB5E8 /* Info.plist */ = {isa = PBXFileReference; lastKnownFileType = text.plist.xml; path = Info.plist; sourceTree = "<group>"; };
		040F1F2C1E232DA2008BB5E8 /* WeiboSwiftTests.xctest */ = {isa = PBXFileReference; explicitFileType = wrapper.cfbundle; includeInIndex = 0; path = WeiboSwiftTests.xctest; sourceTree = BUILT_PRODUCTS_DIR; };
		040F1F301E232DA2008BB5E8 /* WeiboSwiftTests.swift */ = {isa = PBXFileReference; lastKnownFileType = sourcecode.swift; path = WeiboSwiftTests.swift; sourceTree = "<group>"; };
		040F1F321E232DA2008BB5E8 /* Info.plist */ = {isa = PBXFileReference; lastKnownFileType = text.plist.xml; path = Info.plist; sourceTree = "<group>"; };
		040F1F371E232DA2008BB5E8 /* WeiboSwiftUITests.xctest */ = {isa = PBXFileReference; explicitFileType = wrapper.cfbundle; includeInIndex = 0; path = WeiboSwiftUITests.xctest; sourceTree = BUILT_PRODUCTS_DIR; };
		040F1F3B1E232DA2008BB5E8 /* WeiboSwiftUITests.swift */ = {isa = PBXFileReference; lastKnownFileType = sourcecode.swift; path = WeiboSwiftUITests.swift; sourceTree = "<group>"; };
		040F1F3D1E232DA2008BB5E8 /* Info.plist */ = {isa = PBXFileReference; lastKnownFileType = text.plist.xml; path = Info.plist; sourceTree = "<group>"; };
		041145641E543C540006DF3E /* HMEmoticon.bundle */ = {isa = PBXFileReference; lastKnownFileType = "wrapper.plug-in"; path = HMEmoticon.bundle; sourceTree = "<group>"; };
		041145661E543C770006DF3E /* LLEmoticonManager.swift */ = {isa = PBXFileReference; fileEncoding = 4; lastKnownFileType = sourcecode.swift; path = LLEmoticonManager.swift; sourceTree = "<group>"; };
		041145681E54418B0006DF3E /* LLEmoticon.swift */ = {isa = PBXFileReference; fileEncoding = 4; lastKnownFileType = sourcecode.swift; path = LLEmoticon.swift; sourceTree = "<group>"; };
		0411456A1E5441ED0006DF3E /* LLEmoticonPackage.swift */ = {isa = PBXFileReference; fileEncoding = 4; lastKnownFileType = sourcecode.swift; path = LLEmoticonPackage.swift; sourceTree = "<group>"; };
		04124AE41E5C183200E22547 /* SDBrowserImageView.h */ = {isa = PBXFileReference; fileEncoding = 4; lastKnownFileType = sourcecode.c.h; path = SDBrowserImageView.h; sourceTree = "<group>"; };
		04124AE51E5C183200E22547 /* SDBrowserImageView.m */ = {isa = PBXFileReference; fileEncoding = 4; lastKnownFileType = sourcecode.c.objc; path = SDBrowserImageView.m; sourceTree = "<group>"; };
		04124AE61E5C183200E22547 /* SDPhotoBrowser.h */ = {isa = PBXFileReference; fileEncoding = 4; lastKnownFileType = sourcecode.c.h; path = SDPhotoBrowser.h; sourceTree = "<group>"; };
		04124AE71E5C183200E22547 /* SDPhotoBrowser.m */ = {isa = PBXFileReference; fileEncoding = 4; lastKnownFileType = sourcecode.c.objc; path = SDPhotoBrowser.m; sourceTree = "<group>"; };
		04124AE81E5C183200E22547 /* SDPhotoBrowserConfig.h */ = {isa = PBXFileReference; fileEncoding = 4; lastKnownFileType = sourcecode.c.h; path = SDPhotoBrowserConfig.h; sourceTree = "<group>"; };
		04124AE91E5C183200E22547 /* SDWaitingView.h */ = {isa = PBXFileReference; fileEncoding = 4; lastKnownFileType = sourcecode.c.h; path = SDWaitingView.h; sourceTree = "<group>"; };
		04124AEA1E5C183200E22547 /* SDWaitingView.m */ = {isa = PBXFileReference; fileEncoding = 4; lastKnownFileType = sourcecode.c.objc; path = SDWaitingView.m; sourceTree = "<group>"; };
		041945C41E496E9C0069E586 /* WBStatusCell.swift */ = {isa = PBXFileReference; fileEncoding = 4; lastKnownFileType = sourcecode.swift; path = WBStatusCell.swift; sourceTree = "<group>"; };
		041945C81E496EF40069E586 /* WBStatusNormalCell.xib */ = {isa = PBXFileReference; fileEncoding = 4; lastKnownFileType = file.xib; path = WBStatusNormalCell.xib; sourceTree = "<group>"; };
		041945CE1E497AE70069E586 /* WBStatusViewModel.swift */ = {isa = PBXFileReference; fileEncoding = 4; lastKnownFileType = sourcecode.swift; path = WBStatusViewModel.swift; sourceTree = "<group>"; };
		041945D01E4997EA0069E586 /* UIImageView+WebImage.swift */ = {isa = PBXFileReference; fileEncoding = 4; lastKnownFileType = sourcecode.swift; path = "UIImageView+WebImage.swift"; sourceTree = "<group>"; };
		041945D21E49ADA90069E586 /* WBStatusToolBar.swift */ = {isa = PBXFileReference; fileEncoding = 4; lastKnownFileType = sourcecode.swift; path = WBStatusToolBar.swift; sourceTree = "<group>"; };
		041945D41E49B44C0069E586 /* WBStatusPictureView.swift */ = {isa = PBXFileReference; fileEncoding = 4; lastKnownFileType = sourcecode.swift; path = WBStatusPictureView.swift; sourceTree = "<group>"; };
		047F7DA81E2332B70042B2FF /* WBMainViewController.swift */ = {isa = PBXFileReference; fileEncoding = 4; lastKnownFileType = sourcecode.swift; path = WBMainViewController.swift; sourceTree = "<group>"; };
		047F7DAC1E2332F30042B2FF /* WBMeViewController.swift */ = {isa = PBXFileReference; fileEncoding = 4; lastKnownFileType = sourcecode.swift; path = WBMeViewController.swift; sourceTree = "<group>"; };
		047F7DAF1E2334740042B2FF /* NSObject+Extension.swift */ = {isa = PBXFileReference; fileEncoding = 4; lastKnownFileType = sourcecode.swift; path = "NSObject+Extension.swift"; sourceTree = "<group>"; };
		047F7DB01E2334740042B2FF /* Bundle+Extension.swift */ = {isa = PBXFileReference; fileEncoding = 4; lastKnownFileType = sourcecode.swift; path = "Bundle+Extension.swift"; sourceTree = "<group>"; };
		047F7DB41E235DE70042B2FF /* WeiboSwift-Bridging-Header.h */ = {isa = PBXFileReference; lastKnownFileType = sourcecode.c.h; path = "WeiboSwift-Bridging-Header.h"; sourceTree = "<group>"; };
		047F7DB81E2363910042B2FF /* WBMessageViewController.swift */ = {isa = PBXFileReference; fileEncoding = 4; lastKnownFileType = sourcecode.swift; path = WBMessageViewController.swift; sourceTree = "<group>"; };
		047F7DBC1E23640D0042B2FF /* WBDiscoverViewController.swift */ = {isa = PBXFileReference; fileEncoding = 4; lastKnownFileType = sourcecode.swift; path = WBDiscoverViewController.swift; sourceTree = "<group>"; };
		047F7DBE1E2368ED0042B2FF /* UIImage+Extension.swift */ = {isa = PBXFileReference; fileEncoding = 4; lastKnownFileType = sourcecode.swift; path = "UIImage+Extension.swift"; sourceTree = "<group>"; };
		04C984E01E4DD23300B38293 /* WBComposeTypeView.swift */ = {isa = PBXFileReference; fileEncoding = 4; lastKnownFileType = sourcecode.swift; path = WBComposeTypeView.swift; sourceTree = "<group>"; };
		04C984E21E4DD24100B38293 /* WBComposeView.xib */ = {isa = PBXFileReference; fileEncoding = 4; lastKnownFileType = file.xib; path = WBComposeView.xib; sourceTree = "<group>"; };
		04C984E41E4DD6C400B38293 /* WBComposeTypebutton.xib */ = {isa = PBXFileReference; fileEncoding = 4; lastKnownFileType = file.xib; path = WBComposeTypebutton.xib; sourceTree = "<group>"; };
		04C984E61E4DD6CE00B38293 /* WBComposeTypebutton.swift */ = {isa = PBXFileReference; fileEncoding = 4; lastKnownFileType = sourcecode.swift; path = WBComposeTypebutton.swift; sourceTree = "<group>"; };
		04CB13F71E4AB20A002A3771 /* WBStatusReweetedCell.xib */ = {isa = PBXFileReference; fileEncoding = 4; lastKnownFileType = file.xib; path = WBStatusReweetedCell.xib; sourceTree = "<group>"; };
		04D3BC721E557E1B00615446 /* WBWebViewController.swift */ = {isa = PBXFileReference; fileEncoding = 4; lastKnownFileType = sourcecode.swift; path = WBWebViewController.swift; sourceTree = "<group>"; };
		04D3BC741E55859300615446 /* WBCompViewController.xib */ = {isa = PBXFileReference; fileEncoding = 4; lastKnownFileType = file.xib; path = WBCompViewController.xib; sourceTree = "<group>"; };
		04D4F46B1E5699EF00354A45 /* WBComposeTextView.swift */ = {isa = PBXFileReference; fileEncoding = 4; lastKnownFileType = sourcecode.swift; path = WBComposeTextView.swift; sourceTree = "<group>"; };
		04DDFC841E2DB808009F778A /* WBStatusListViewModel.swift */ = {isa = PBXFileReference; fileEncoding = 4; lastKnownFileType = sourcecode.swift; path = WBStatusListViewModel.swift; sourceTree = "<group>"; };
		04E289A41E542AFB00891F92 /* String+Extension.swift */ = {isa = PBXFileReference; fileEncoding = 4; lastKnownFileType = sourcecode.swift; path = "String+Extension.swift"; sourceTree = "<group>"; };
		04EA79F71E51A08100553023 /* WBCompViewController.swift */ = {isa = PBXFileReference; fileEncoding = 4; lastKnownFileType = sourcecode.swift; path = WBCompViewController.swift; sourceTree = "<group>"; };
		04EB351C1E28CFBF0069D2C4 /* WBVisitorView.swift */ = {isa = PBXFileReference; fileEncoding = 4; lastKnownFileType = sourcecode.swift; path = WBVisitorView.swift; sourceTree = "<group>"; };
		04EBC4FF1E24D4E8007A3E13 /* WBBaseViewController.swift */ = {isa = PBXFileReference; fileEncoding = 4; lastKnownFileType = sourcecode.swift; path = WBBaseViewController.swift; sourceTree = "<group>"; };
		04EBC5011E24D938007A3E13 /* WBHomeViewController.swift */ = {isa = PBXFileReference; fileEncoding = 4; lastKnownFileType = sourcecode.swift; path = WBHomeViewController.swift; sourceTree = "<group>"; };
		04EBC5041E24DCFB007A3E13 /* WBNavigationViewController.swift */ = {isa = PBXFileReference; fileEncoding = 4; lastKnownFileType = sourcecode.swift; path = WBNavigationViewController.swift; sourceTree = "<group>"; };
		04EBC5081E24DE88007A3E13 /* UIBarButtonItem+Extension.swift */ = {isa = PBXFileReference; fileEncoding = 4; lastKnownFileType = sourcecode.swift; path = "UIBarButtonItem+Extension.swift"; sourceTree = "<group>"; };
		04EBC50A1E24E7CC007A3E13 /* UIColor+Extension.swift */ = {isa = PBXFileReference; fileEncoding = 4; lastKnownFileType = sourcecode.swift; path = "UIColor+Extension.swift"; sourceTree = "<group>"; };
		04F81ADB1E2F1A9600A0DECB /* UIScrollView+Extension.swift */ = {isa = PBXFileReference; fileEncoding = 4; lastKnownFileType = sourcecode.swift; path = "UIScrollView+Extension.swift"; sourceTree = "<group>"; };
		04F81ADD1E2F385300A0DECB /* WeiboCommon.swift */ = {isa = PBXFileReference; fileEncoding = 4; lastKnownFileType = sourcecode.swift; path = WeiboCommon.swift; sourceTree = "<group>"; };
		04F81ADF1E2F3F0C00A0DECB /* WBOAuthViewController.swift */ = {isa = PBXFileReference; fileEncoding = 4; lastKnownFileType = sourcecode.swift; path = WBOAuthViewController.swift; sourceTree = "<group>"; };
		04FA30E31E29C1A8002F6151 /* main.json */ = {isa = PBXFileReference; fileEncoding = 4; lastKnownFileType = text.json; path = main.json; sourceTree = "<group>"; };
		04FC9A4F1E57FAB500DC8BA5 /* LLEmoticonInputView.swift */ = {isa = PBXFileReference; fileEncoding = 4; lastKnownFileType = sourcecode.swift; path = LLEmoticonInputView.swift; sourceTree = "<group>"; };
		04FC9A501E57FAB500DC8BA5 /* LLEmoticonInputView.xib */ = {isa = PBXFileReference; fileEncoding = 4; lastKnownFileType = file.xib; path = LLEmoticonInputView.xib; sourceTree = "<group>"; };
		04FC9A511E57FAB500DC8BA5 /* LLEmoticonToolBar.swift */ = {isa = PBXFileReference; fileEncoding = 4; lastKnownFileType = sourcecode.swift; path = LLEmoticonToolBar.swift; sourceTree = "<group>"; };
		04FC9A521E57FAB500DC8BA5 /* LLEmoticonCell.swift */ = {isa = PBXFileReference; fileEncoding = 4; lastKnownFileType = sourcecode.swift; path = LLEmoticonCell.swift; sourceTree = "<group>"; };
		04FC9A531E57FAB500DC8BA5 /* LLEmotictionLayout.swift */ = {isa = PBXFileReference; fileEncoding = 4; lastKnownFileType = sourcecode.swift; path = LLEmotictionLayout.swift; sourceTree = "<group>"; };
		04FC9A5B1E57FBAB00DC8BA5 /* LLEmotionAttachment.swift */ = {isa = PBXFileReference; fileEncoding = 4; lastKnownFileType = sourcecode.swift; path = LLEmotionAttachment.swift; sourceTree = "<group>"; };
		04FC9AA11E58386700DC8BA5 /* WBStatusListDAL.swift */ = {isa = PBXFileReference; fileEncoding = 4; lastKnownFileType = sourcecode.swift; path = WBStatusListDAL.swift; sourceTree = "<group>"; };
		04FC9AA41E58399900DC8BA5 /* LNGSQLiteManger.swift */ = {isa = PBXFileReference; fileEncoding = 4; lastKnownFileType = sourcecode.swift; path = LNGSQLiteManger.swift; sourceTree = "<group>"; };
		04FC9AA51E58399900DC8BA5 /* status.sql */ = {isa = PBXFileReference; fileEncoding = 4; lastKnownFileType = text; path = status.sql; sourceTree = "<group>"; };
		19845F93A62E2B7290C863F9 /* Pods-WeiboSwift.release.xcconfig */ = {isa = PBXFileReference; includeInIndex = 1; lastKnownFileType = text.xcconfig; name = "Pods-WeiboSwift.release.xcconfig"; path = "Pods/Target Support Files/Pods-WeiboSwift/Pods-WeiboSwift.release.xcconfig"; sourceTree = "<group>"; };
		3258B37946EDF128A0824230 /* Pods_WeiboSwift.framework */ = {isa = PBXFileReference; explicitFileType = wrapper.framework; includeInIndex = 0; path = Pods_WeiboSwift.framework; sourceTree = BUILT_PRODUCTS_DIR; };
		567509741E597D2B0039D3A7 /* Date+Extension.swift */ = {isa = PBXFileReference; fileEncoding = 4; lastKnownFileType = sourcecode.swift; path = "Date+Extension.swift"; sourceTree = "<group>"; };
		567509761E5983DB0039D3A7 /* LLEMoticonTipView.swift */ = {isa = PBXFileReference; fileEncoding = 4; lastKnownFileType = sourcecode.swift; path = LLEMoticonTipView.swift; sourceTree = "<group>"; };
		56DB6B271E474D9700A551A7 /* UserAccount.swift */ = {isa = PBXFileReference; fileEncoding = 4; lastKnownFileType = sourcecode.swift; path = UserAccount.swift; sourceTree = "<group>"; };
		CC33A2535664AD5F22ABF738 /* Pods-WeiboSwift.debug.xcconfig */ = {isa = PBXFileReference; includeInIndex = 1; lastKnownFileType = text.xcconfig; name = "Pods-WeiboSwift.debug.xcconfig"; path = "Pods/Target Support Files/Pods-WeiboSwift/Pods-WeiboSwift.debug.xcconfig"; sourceTree = "<group>"; };
		CE786CA720CFB4CA0002F996 /* StatusViewModel.swift */ = {isa = PBXFileReference; lastKnownFileType = sourcecode.swift; path = StatusViewModel.swift; sourceTree = "<group>"; };
		CE786CA920CFD4940002F996 /* NSMutableAttributedString+Extensions.swift */ = {isa = PBXFileReference; lastKnownFileType = sourcecode.swift; path = "NSMutableAttributedString+Extensions.swift"; sourceTree = "<group>"; };
		CE8B33B420BFCD09001A78F4 /* UIView+Extensions.swift */ = {isa = PBXFileReference; fileEncoding = 4; lastKnownFileType = sourcecode.swift; path = "UIView+Extensions.swift"; sourceTree = "<group>"; };
		CE8B33B820C00708001A78F4 /* StatusModel.swift */ = {isa = PBXFileReference; lastKnownFileType = sourcecode.swift; path = StatusModel.swift; sourceTree = "<group>"; };
		CE8B33BA20C007B0001A78F4 /* UserModel.swift */ = {isa = PBXFileReference; lastKnownFileType = sourcecode.swift; path = UserModel.swift; sourceTree = "<group>"; };
		CE8B33BC20C0083B001A78F4 /* StatusPictureModel.swift */ = {isa = PBXFileReference; lastKnownFileType = sourcecode.swift; path = StatusPictureModel.swift; sourceTree = "<group>"; };
		CE8B33C020C00C34001A78F4 /* Optional+Extensions.swift */ = {isa = PBXFileReference; fileEncoding = 4; lastKnownFileType = sourcecode.swift; path = "Optional+Extensions.swift"; sourceTree = "<group>"; };
		CEBDE97520BE7DB1009399D9 /* UIScrollView+Extensions.swift */ = {isa = PBXFileReference; fileEncoding = 4; lastKnownFileType = sourcecode.swift; path = "UIScrollView+Extensions.swift"; sourceTree = "<group>"; };
		CEBDE97A20BE7ED5009399D9 /* StoryboardBased.swift */ = {isa = PBXFileReference; fileEncoding = 4; lastKnownFileType = sourcecode.swift; path = StoryboardBased.swift; sourceTree = "<group>"; };
		CEBDE97B20BE7ED5009399D9 /* StoryboardSceneBased.swift */ = {isa = PBXFileReference; fileEncoding = 4; lastKnownFileType = sourcecode.swift; path = StoryboardSceneBased.swift; sourceTree = "<group>"; };
		CEBDE97D20BE7ED5009399D9 /* NibLoadable.swift */ = {isa = PBXFileReference; fileEncoding = 4; lastKnownFileType = sourcecode.swift; path = NibLoadable.swift; sourceTree = "<group>"; };
		CEBDE97E20BE7ED5009399D9 /* NibOwnerLoadable.swift */ = {isa = PBXFileReference; fileEncoding = 4; lastKnownFileType = sourcecode.swift; path = NibOwnerLoadable.swift; sourceTree = "<group>"; };
		CEBDE97F20BE7ED5009399D9 /* Reusable.swift */ = {isa = PBXFileReference; fileEncoding = 4; lastKnownFileType = sourcecode.swift; path = Reusable.swift; sourceTree = "<group>"; };
		CEBDE98020BE7ED5009399D9 /* UICollectionView+Reusable.swift */ = {isa = PBXFileReference; fileEncoding = 4; lastKnownFileType = sourcecode.swift; path = "UICollectionView+Reusable.swift"; sourceTree = "<group>"; };
		CEBDE98120BE7ED5009399D9 /* UITableView+Reusable.swift */ = {isa = PBXFileReference; fileEncoding = 4; lastKnownFileType = sourcecode.swift; path = "UITableView+Reusable.swift"; sourceTree = "<group>"; };
		CEBDE98A20BE85FF009399D9 /* DecodeJsoner.swift */ = {isa = PBXFileReference; fileEncoding = 4; lastKnownFileType = sourcecode.swift; path = DecodeJsoner.swift; sourceTree = "<group>"; };
		CEBDE98C20BE9712009399D9 /* HttpsRequest.swift */ = {isa = PBXFileReference; fileEncoding = 4; lastKnownFileType = sourcecode.swift; path = HttpsRequest.swift; sourceTree = "<group>"; };
		CEBDE98F20BE9731009399D9 /* CircleProgressView.swift */ = {isa = PBXFileReference; fileEncoding = 4; lastKnownFileType = sourcecode.swift; path = CircleProgressView.swift; sourceTree = "<group>"; };
		CEBDE99020BE9731009399D9 /* ProgressHUD+Layout.swift */ = {isa = PBXFileReference; fileEncoding = 4; lastKnownFileType = sourcecode.swift; path = "ProgressHUD+Layout.swift"; sourceTree = "<group>"; };
		CEBDE99120BE9731009399D9 /* ProgressHUD.swift */ = {isa = PBXFileReference; fileEncoding = 4; lastKnownFileType = sourcecode.swift; path = ProgressHUD.swift; sourceTree = "<group>"; };
		CEBDE99220BE9731009399D9 /* RotationView.swift */ = {isa = PBXFileReference; fileEncoding = 4; lastKnownFileType = sourcecode.swift; path = RotationView.swift; sourceTree = "<group>"; };
		CEBDE99320BE9731009399D9 /* SucceedStatusView.swift */ = {isa = PBXFileReference; fileEncoding = 4; lastKnownFileType = sourcecode.swift; path = SucceedStatusView.swift; sourceTree = "<group>"; };
		CEBDE99420BE9731009399D9 /* UIView+HUD.swift */ = {isa = PBXFileReference; fileEncoding = 4; lastKnownFileType = sourcecode.swift; path = "UIView+HUD.swift"; sourceTree = "<group>"; };
		CEBDE99B20BEA6C6009399D9 /* SingletonData.swift */ = {isa = PBXFileReference; lastKnownFileType = sourcecode.swift; path = SingletonData.swift; sourceTree = "<group>"; };
		CEEF36C620CF7D1600D8D148 /* RefreshView.xib */ = {isa = PBXFileReference; fileEncoding = 4; lastKnownFileType = file.xib; path = RefreshView.xib; sourceTree = "<group>"; };
		CEEF36C720CF7D1600D8D148 /* RefreshFooterView.swift */ = {isa = PBXFileReference; fileEncoding = 4; lastKnownFileType = sourcecode.swift; path = RefreshFooterView.swift; sourceTree = "<group>"; };
		CEEF36C820CF7D1700D8D148 /* RefreshHeaderView.swift */ = {isa = PBXFileReference; fileEncoding = 4; lastKnownFileType = sourcecode.swift; path = RefreshHeaderView.swift; sourceTree = "<group>"; };
		CEEF36C920CF7D1700D8D148 /* ScrollRefresh.swift */ = {isa = PBXFileReference; fileEncoding = 4; lastKnownFileType = sourcecode.swift; path = ScrollRefresh.swift; sourceTree = "<group>"; };
		CEEF36CA20CF7D1700D8D148 /* RefreshView.swift */ = {isa = PBXFileReference; fileEncoding = 4; lastKnownFileType = sourcecode.swift; path = RefreshView.swift; sourceTree = "<group>"; };
		CEEF36D020CF969700D8D148 /* StatusNormalCell.swift */ = {isa = PBXFileReference; lastKnownFileType = sourcecode.swift; path = StatusNormalCell.swift; sourceTree = "<group>"; };
		CEEF36D220CF993B00D8D148 /* Common.swift */ = {isa = PBXFileReference; lastKnownFileType = sourcecode.swift; path = Common.swift; sourceTree = "<group>"; };
		CEEF36D420CF9CB700D8D148 /* Int+Extensions.swift */ = {isa = PBXFileReference; fileEncoding = 4; lastKnownFileType = sourcecode.swift; path = "Int+Extensions.swift"; sourceTree = "<group>"; };
		CEEF36D620CF9DBF00D8D148 /* StatusLayout.swift */ = {isa = PBXFileReference; lastKnownFileType = sourcecode.swift; path = StatusLayout.swift; sourceTree = "<group>"; };
		CEEF36D820CF9EF100D8D148 /* Constant.swift */ = {isa = PBXFileReference; lastKnownFileType = sourcecode.swift; path = Constant.swift; sourceTree = "<group>"; };
		CEEF36DA20CF9F7300D8D148 /* CGRect+Extensions.swift */ = {isa = PBXFileReference; lastKnownFileType = sourcecode.swift; path = "CGRect+Extensions.swift"; sourceTree = "<group>"; };
/* End PBXFileReference section */

/* Begin PBXFrameworksBuildPhase section */
		040F1F151E232DA1008BB5E8 /* Frameworks */ = {
			isa = PBXFrameworksBuildPhase;
			buildActionMask = 2147483647;
			files = (
				92B612DEC031C8C61DA3C52F /* Pods_WeiboSwift.framework in Frameworks */,
			);
			runOnlyForDeploymentPostprocessing = 0;
		};
		040F1F291E232DA2008BB5E8 /* Frameworks */ = {
			isa = PBXFrameworksBuildPhase;
			buildActionMask = 2147483647;
			files = (
			);
			runOnlyForDeploymentPostprocessing = 0;
		};
		040F1F341E232DA2008BB5E8 /* Frameworks */ = {
			isa = PBXFrameworksBuildPhase;
			buildActionMask = 2147483647;
			files = (
			);
			runOnlyForDeploymentPostprocessing = 0;
		};
/* End PBXFrameworksBuildPhase section */

/* Begin PBXGroup section */
		040F1F0F1E232DA1008BB5E8 = {
			isa = PBXGroup;
			children = (
				040F1F1A1E232DA1008BB5E8 /* WeiboSwift */,
				040F1F2F1E232DA2008BB5E8 /* WeiboSwiftTests */,
				040F1F3A1E232DA2008BB5E8 /* WeiboSwiftUITests */,
				040F1F191E232DA1008BB5E8 /* Products */,
				74FABB613CC247260BB5EC1B /* Pods */,
				DA714BDE44C33F8CC5008889 /* Frameworks */,
			);
			sourceTree = "<group>";
		};
		040F1F191E232DA1008BB5E8 /* Products */ = {
			isa = PBXGroup;
			children = (
				040F1F181E232DA1008BB5E8 /* WeiboSwift.app */,
				040F1F2C1E232DA2008BB5E8 /* WeiboSwiftTests.xctest */,
				040F1F371E232DA2008BB5E8 /* WeiboSwiftUITests.xctest */,
			);
			name = Products;
			sourceTree = "<group>";
		};
		040F1F1A1E232DA1008BB5E8 /* WeiboSwift */ = {
			isa = PBXGroup;
			children = (
				040F1F1B1E232DA1008BB5E8 /* AppDelegate.swift */,
				04FA30E31E29C1A8002F6151 /* main.json */,
				04EB351C1E28CFBF0069D2C4 /* WBVisitorView.swift */,
				04F81ADF1E2F3F0C00A0DECB /* WBOAuthViewController.swift */,
				CEBDE96920BE7CB1009399D9 /* CustomView */,
				CEBDE96820BE7CA4009399D9 /* CustomTool */,
				04FC9AA31E58398A00DC8BA5 /* FMDB */,
				04FC9A4E1E57FA9900DC8BA5 /* EmoticonKeyboard */,
				041145631E543C400006DF3E /* Emoticon */,
				04C984DF1E4DD21A00B38293 /* Compose */,
				04D72E271E495F4A005FDF44 /* Home */,
				04DDFC831E2DB7EB009F778A /* ViewModel */,
				04DDFC7F1E2DB479009F778A /* Model */,
				04E2E2D71E2C64B20015BCB6 /* Tool */,
				04EB351B1E28B93E0069D2C4 /* Base */,
				04EB351A1E28B9360069D2C4 /* Me */,
				04EB35191E28B92B0069D2C4 /* Discover */,
				04EB35181E28B9230069D2C4 /* Message */,
				047F7DAE1E2334640042B2FF /* Extensions */,
				04DDFC821E2DB56F009F778A /* Supporting Files */,
			);
			path = WeiboSwift;
			sourceTree = "<group>";
		};
		040F1F2F1E232DA2008BB5E8 /* WeiboSwiftTests */ = {
			isa = PBXGroup;
			children = (
				040F1F301E232DA2008BB5E8 /* WeiboSwiftTests.swift */,
				040F1F321E232DA2008BB5E8 /* Info.plist */,
			);
			path = WeiboSwiftTests;
			sourceTree = "<group>";
		};
		040F1F3A1E232DA2008BB5E8 /* WeiboSwiftUITests */ = {
			isa = PBXGroup;
			children = (
				040F1F3B1E232DA2008BB5E8 /* WeiboSwiftUITests.swift */,
				040F1F3D1E232DA2008BB5E8 /* Info.plist */,
			);
			path = WeiboSwiftUITests;
			sourceTree = "<group>";
		};
		041145631E543C400006DF3E /* Emoticon */ = {
			isa = PBXGroup;
			children = (
				041145641E543C540006DF3E /* HMEmoticon.bundle */,
				041145661E543C770006DF3E /* LLEmoticonManager.swift */,
				041145681E54418B0006DF3E /* LLEmoticon.swift */,
				04FC9A5B1E57FBAB00DC8BA5 /* LLEmotionAttachment.swift */,
				0411456A1E5441ED0006DF3E /* LLEmoticonPackage.swift */,
			);
			name = Emoticon;
			sourceTree = "<group>";
		};
		04124AE31E5C183200E22547 /* SDPhotoBrowser */ = {
			isa = PBXGroup;
			children = (
				04124AE41E5C183200E22547 /* SDBrowserImageView.h */,
				04124AE51E5C183200E22547 /* SDBrowserImageView.m */,
				04124AE61E5C183200E22547 /* SDPhotoBrowser.h */,
				04124AE71E5C183200E22547 /* SDPhotoBrowser.m */,
				04124AE81E5C183200E22547 /* SDPhotoBrowserConfig.h */,
				04124AE91E5C183200E22547 /* SDWaitingView.h */,
				04124AEA1E5C183200E22547 /* SDWaitingView.m */,
			);
			path = SDPhotoBrowser;
			sourceTree = "<group>";
		};
		047F7DAE1E2334640042B2FF /* Extensions */ = {
			isa = PBXGroup;
			children = (
				CE8B33C020C00C34001A78F4 /* Optional+Extensions.swift */,
				CEEF36D420CF9CB700D8D148 /* Int+Extensions.swift */,
				CE8B33B420BFCD09001A78F4 /* UIView+Extensions.swift */,
				CEEF36DA20CF9F7300D8D148 /* CGRect+Extensions.swift */,
				CE786CA920CFD4940002F996 /* NSMutableAttributedString+Extensions.swift */,
				CEBDE97520BE7DB1009399D9 /* UIScrollView+Extensions.swift */,
				04EBC50A1E24E7CC007A3E13 /* UIColor+Extension.swift */,
				047F7DAF1E2334740042B2FF /* NSObject+Extension.swift */,
				047F7DB01E2334740042B2FF /* Bundle+Extension.swift */,
				047F7DBE1E2368ED0042B2FF /* UIImage+Extension.swift */,
				04EBC5081E24DE88007A3E13 /* UIBarButtonItem+Extension.swift */,
				04F81ADB1E2F1A9600A0DECB /* UIScrollView+Extension.swift */,
				041945D01E4997EA0069E586 /* UIImageView+WebImage.swift */,
				04E289A41E542AFB00891F92 /* String+Extension.swift */,
				567509741E597D2B0039D3A7 /* Date+Extension.swift */,
			);
			name = Extensions;
			sourceTree = "<group>";
		};
		04C984DF1E4DD21A00B38293 /* Compose */ = {
			isa = PBXGroup;
			children = (
				04C984E01E4DD23300B38293 /* WBComposeTypeView.swift */,
				04C984E21E4DD24100B38293 /* WBComposeView.xib */,
				04C984E61E4DD6CE00B38293 /* WBComposeTypebutton.swift */,
				04C984E41E4DD6C400B38293 /* WBComposeTypebutton.xib */,
				04EA79F71E51A08100553023 /* WBCompViewController.swift */,
				04D3BC741E55859300615446 /* WBCompViewController.xib */,
				04D4F46B1E5699EF00354A45 /* WBComposeTextView.swift */,
			);
			name = Compose;
			sourceTree = "<group>";
		};
		04D72E271E495F4A005FDF44 /* Home */ = {
			isa = PBXGroup;
			children = (
				04EBC5011E24D938007A3E13 /* WBHomeViewController.swift */,
				041945C41E496E9C0069E586 /* WBStatusCell.swift */,
				041945C81E496EF40069E586 /* WBStatusNormalCell.xib */,
				04CB13F71E4AB20A002A3771 /* WBStatusReweetedCell.xib */,
				CEEF36D020CF969700D8D148 /* StatusNormalCell.swift */,
				041945D21E49ADA90069E586 /* WBStatusToolBar.swift */,
				041945D41E49B44C0069E586 /* WBStatusPictureView.swift */,
				04D3BC721E557E1B00615446 /* WBWebViewController.swift */,
			);
			name = Home;
			sourceTree = "<group>";
		};
		04DDFC7F1E2DB479009F778A /* Model */ = {
			isa = PBXGroup;
			children = (
				56DB6B271E474D9700A551A7 /* UserAccount.swift */,
				CE8B33B820C00708001A78F4 /* StatusModel.swift */,
				CEEF36D620CF9DBF00D8D148 /* StatusLayout.swift */,
				CE8B33BA20C007B0001A78F4 /* UserModel.swift */,
				CE8B33BC20C0083B001A78F4 /* StatusPictureModel.swift */,
			);
			name = Model;
			sourceTree = "<group>";
		};
		04DDFC821E2DB56F009F778A /* Supporting Files */ = {
			isa = PBXGroup;
			children = (
				047F7DB41E235DE70042B2FF /* WeiboSwift-Bridging-Header.h */,
				040F1F221E232DA1008BB5E8 /* Assets.xcassets */,
				040F1F271E232DA1008BB5E8 /* Info.plist */,
			);
			name = "Supporting Files";
			sourceTree = "<group>";
		};
		04DDFC831E2DB7EB009F778A /* ViewModel */ = {
			isa = PBXGroup;
			children = (
				04DDFC841E2DB808009F778A /* WBStatusListViewModel.swift */,
				041945CE1E497AE70069E586 /* WBStatusViewModel.swift */,
				04FC9AA11E58386700DC8BA5 /* WBStatusListDAL.swift */,
				CE786CA720CFB4CA0002F996 /* StatusViewModel.swift */,
			);
			name = ViewModel;
			sourceTree = "<group>";
		};
		04E2E2D71E2C64B20015BCB6 /* Tool */ = {
			isa = PBXGroup;
			children = (
				04124AE31E5C183200E22547 /* SDPhotoBrowser */,
				04F81ADD1E2F385300A0DECB /* WeiboCommon.swift */,
			);
			name = Tool;
			sourceTree = "<group>";
		};
		04EB35181E28B9230069D2C4 /* Message */ = {
			isa = PBXGroup;
			children = (
				047F7DB81E2363910042B2FF /* WBMessageViewController.swift */,
			);
			name = Message;
			sourceTree = "<group>";
		};
		04EB35191E28B92B0069D2C4 /* Discover */ = {
			isa = PBXGroup;
			children = (
				047F7DBC1E23640D0042B2FF /* WBDiscoverViewController.swift */,
			);
			name = Discover;
			sourceTree = "<group>";
		};
		04EB351A1E28B9360069D2C4 /* Me */ = {
			isa = PBXGroup;
			children = (
				047F7DAC1E2332F30042B2FF /* WBMeViewController.swift */,
			);
			name = Me;
			sourceTree = "<group>";
		};
		04EB351B1E28B93E0069D2C4 /* Base */ = {
			isa = PBXGroup;
			children = (
				04EBC4FF1E24D4E8007A3E13 /* WBBaseViewController.swift */,
				047F7DA81E2332B70042B2FF /* WBMainViewController.swift */,
				04EBC5041E24DCFB007A3E13 /* WBNavigationViewController.swift */,
			);
			name = Base;
			sourceTree = "<group>";
		};
		04FC9A4E1E57FA9900DC8BA5 /* EmoticonKeyboard */ = {
			isa = PBXGroup;
			children = (
				04FC9A4F1E57FAB500DC8BA5 /* LLEmoticonInputView.swift */,
				04FC9A501E57FAB500DC8BA5 /* LLEmoticonInputView.xib */,
				04FC9A511E57FAB500DC8BA5 /* LLEmoticonToolBar.swift */,
				04FC9A521E57FAB500DC8BA5 /* LLEmoticonCell.swift */,
				04FC9A531E57FAB500DC8BA5 /* LLEmotictionLayout.swift */,
				567509761E5983DB0039D3A7 /* LLEMoticonTipView.swift */,
			);
			name = EmoticonKeyboard;
			sourceTree = "<group>";
		};
		04FC9AA31E58398A00DC8BA5 /* FMDB */ = {
			isa = PBXGroup;
			children = (
				04FC9AA41E58399900DC8BA5 /* LNGSQLiteManger.swift */,
				04FC9AA51E58399900DC8BA5 /* status.sql */,
			);
			name = FMDB;
			sourceTree = "<group>";
		};
		74FABB613CC247260BB5EC1B /* Pods */ = {
			isa = PBXGroup;
			children = (
				CC33A2535664AD5F22ABF738 /* Pods-WeiboSwift.debug.xcconfig */,
				19845F93A62E2B7290C863F9 /* Pods-WeiboSwift.release.xcconfig */,
			);
			name = Pods;
			sourceTree = "<group>";
		};
		CEBDE96820BE7CA4009399D9 /* CustomTool */ = {
			isa = PBXGroup;
			children = (
				CEBDE98C20BE9712009399D9 /* HttpsRequest.swift */,
				CEBDE98920BE85FF009399D9 /* JsonModel */,
				CEBDE99B20BEA6C6009399D9 /* SingletonData.swift */,
				CEEF36D220CF993B00D8D148 /* Common.swift */,
				CEEF36D820CF9EF100D8D148 /* Constant.swift */,
			);
			name = CustomTool;
			sourceTree = "<group>";
		};
		CEBDE96920BE7CB1009399D9 /* CustomView */ = {
			isa = PBXGroup;
			children = (
				CEBDE98E20BE9731009399D9 /* ProgressHUD */,
				CEBDE97720BE7ED5009399D9 /* Reusable */,
				CEBDE96A20BE7CE0009399D9 /* Refresh */,
			);
			name = CustomView;
			sourceTree = "<group>";
		};
		CEBDE96A20BE7CE0009399D9 /* Refresh */ = {
			isa = PBXGroup;
			children = (
				CEEF36C720CF7D1600D8D148 /* RefreshFooterView.swift */,
				CEEF36C820CF7D1700D8D148 /* RefreshHeaderView.swift */,
				CEEF36CA20CF7D1700D8D148 /* RefreshView.swift */,
				CEEF36C620CF7D1600D8D148 /* RefreshView.xib */,
				CEEF36C920CF7D1700D8D148 /* ScrollRefresh.swift */,
			);
			path = Refresh;
			sourceTree = "<group>";
		};
		CEBDE97720BE7ED5009399D9 /* Reusable */ = {
			isa = PBXGroup;
			children = (
				CEBDE97820BE7ED5009399D9 /* Sources */,
			);
			path = Reusable;
			sourceTree = "<group>";
		};
		CEBDE97820BE7ED5009399D9 /* Sources */ = {
			isa = PBXGroup;
			children = (
				CEBDE97920BE7ED5009399D9 /* Storyboard */,
				CEBDE97C20BE7ED5009399D9 /* View */,
			);
			path = Sources;
			sourceTree = "<group>";
		};
		CEBDE97920BE7ED5009399D9 /* Storyboard */ = {
			isa = PBXGroup;
			children = (
				CEBDE97A20BE7ED5009399D9 /* StoryboardBased.swift */,
				CEBDE97B20BE7ED5009399D9 /* StoryboardSceneBased.swift */,
			);
			path = Storyboard;
			sourceTree = "<group>";
		};
		CEBDE97C20BE7ED5009399D9 /* View */ = {
			isa = PBXGroup;
			children = (
				CEBDE97D20BE7ED5009399D9 /* NibLoadable.swift */,
				CEBDE97E20BE7ED5009399D9 /* NibOwnerLoadable.swift */,
				CEBDE97F20BE7ED5009399D9 /* Reusable.swift */,
				CEBDE98020BE7ED5009399D9 /* UICollectionView+Reusable.swift */,
				CEBDE98120BE7ED5009399D9 /* UITableView+Reusable.swift */,
			);
			path = View;
			sourceTree = "<group>";
		};
		CEBDE98920BE85FF009399D9 /* JsonModel */ = {
			isa = PBXGroup;
			children = (
				CEBDE98A20BE85FF009399D9 /* DecodeJsoner.swift */,
			);
			path = JsonModel;
			sourceTree = "<group>";
		};
		CEBDE98E20BE9731009399D9 /* ProgressHUD */ = {
			isa = PBXGroup;
			children = (
				CEBDE98F20BE9731009399D9 /* CircleProgressView.swift */,
				CEBDE99020BE9731009399D9 /* ProgressHUD+Layout.swift */,
				CEBDE99120BE9731009399D9 /* ProgressHUD.swift */,
				CEBDE99220BE9731009399D9 /* RotationView.swift */,
				CEBDE99320BE9731009399D9 /* SucceedStatusView.swift */,
				CEBDE99420BE9731009399D9 /* UIView+HUD.swift */,
			);
			name = ProgressHUD;
			path = ../../../../UploadTool/UploadTool/UploadTool/CustomView/ProgressHUD;
			sourceTree = "<group>";
		};
		DA714BDE44C33F8CC5008889 /* Frameworks */ = {
			isa = PBXGroup;
			children = (
				3258B37946EDF128A0824230 /* Pods_WeiboSwift.framework */,
			);
			name = Frameworks;
			sourceTree = "<group>";
		};
/* End PBXGroup section */

/* Begin PBXNativeTarget section */
		040F1F171E232DA1008BB5E8 /* WeiboSwift */ = {
			isa = PBXNativeTarget;
			buildConfigurationList = 040F1F401E232DA2008BB5E8 /* Build configuration list for PBXNativeTarget "WeiboSwift" */;
			buildPhases = (
				66146ACADDC8CFF4ABC0B5BA /* [CP] Check Pods Manifest.lock */,
				040F1F141E232DA1008BB5E8 /* Sources */,
				040F1F151E232DA1008BB5E8 /* Frameworks */,
				040F1F161E232DA1008BB5E8 /* Resources */,
				04EBC5031E24DAAB007A3E13 /* ShellScript */,
				C8F6009A2B0DA580C163D313 /* [CP] Embed Pods Frameworks */,
				C2EB43E8751D408C403CD854 /* [CP] Copy Pods Resources */,
			);
			buildRules = (
			);
			dependencies = (
			);
			name = WeiboSwift;
			productName = WeiboSwift;
			productReference = 040F1F181E232DA1008BB5E8 /* WeiboSwift.app */;
			productType = "com.apple.product-type.application";
		};
		040F1F2B1E232DA2008BB5E8 /* WeiboSwiftTests */ = {
			isa = PBXNativeTarget;
			buildConfigurationList = 040F1F431E232DA2008BB5E8 /* Build configuration list for PBXNativeTarget "WeiboSwiftTests" */;
			buildPhases = (
				040F1F281E232DA2008BB5E8 /* Sources */,
				040F1F291E232DA2008BB5E8 /* Frameworks */,
				040F1F2A1E232DA2008BB5E8 /* Resources */,
			);
			buildRules = (
			);
			dependencies = (
				040F1F2E1E232DA2008BB5E8 /* PBXTargetDependency */,
			);
			name = WeiboSwiftTests;
			productName = WeiboSwiftTests;
			productReference = 040F1F2C1E232DA2008BB5E8 /* WeiboSwiftTests.xctest */;
			productType = "com.apple.product-type.bundle.unit-test";
		};
		040F1F361E232DA2008BB5E8 /* WeiboSwiftUITests */ = {
			isa = PBXNativeTarget;
			buildConfigurationList = 040F1F461E232DA2008BB5E8 /* Build configuration list for PBXNativeTarget "WeiboSwiftUITests" */;
			buildPhases = (
				040F1F331E232DA2008BB5E8 /* Sources */,
				040F1F341E232DA2008BB5E8 /* Frameworks */,
				040F1F351E232DA2008BB5E8 /* Resources */,
			);
			buildRules = (
			);
			dependencies = (
				040F1F391E232DA2008BB5E8 /* PBXTargetDependency */,
			);
			name = WeiboSwiftUITests;
			productName = WeiboSwiftUITests;
			productReference = 040F1F371E232DA2008BB5E8 /* WeiboSwiftUITests.xctest */;
			productType = "com.apple.product-type.bundle.ui-testing";
		};
/* End PBXNativeTarget section */

/* Begin PBXProject section */
		040F1F101E232DA1008BB5E8 /* Project object */ = {
			isa = PBXProject;
			attributes = {
				CLASSPREFIX = WB;
				LastSwiftUpdateCheck = 0820;
				LastUpgradeCheck = 0930;
				ORGANIZATIONNAME = nailiao;
				TargetAttributes = {
					040F1F171E232DA1008BB5E8 = {
						CreatedOnToolsVersion = 8.2.1;
						DevelopmentTeam = 7BJ6EFDRN2;
						LastSwiftMigration = 0820;
						ProvisioningStyle = Automatic;
					};
					040F1F2B1E232DA2008BB5E8 = {
						CreatedOnToolsVersion = 8.2.1;
						ProvisioningStyle = Automatic;
						TestTargetID = 040F1F171E232DA1008BB5E8;
					};
					040F1F361E232DA2008BB5E8 = {
						CreatedOnToolsVersion = 8.2.1;
						ProvisioningStyle = Automatic;
						TestTargetID = 040F1F171E232DA1008BB5E8;
					};
				};
			};
			buildConfigurationList = 040F1F131E232DA1008BB5E8 /* Build configuration list for PBXProject "WeiboSwift" */;
			compatibilityVersion = "Xcode 3.2";
			developmentRegion = English;
			hasScannedForEncodings = 0;
			knownRegions = (
				en,
				Base,
			);
			mainGroup = 040F1F0F1E232DA1008BB5E8;
			productRefGroup = 040F1F191E232DA1008BB5E8 /* Products */;
			projectDirPath = "";
			projectRoot = "";
			targets = (
				040F1F171E232DA1008BB5E8 /* WeiboSwift */,
				040F1F2B1E232DA2008BB5E8 /* WeiboSwiftTests */,
				040F1F361E232DA2008BB5E8 /* WeiboSwiftUITests */,
			);
		};
/* End PBXProject section */

/* Begin PBXResourcesBuildPhase section */
		040F1F161E232DA1008BB5E8 /* Resources */ = {
			isa = PBXResourcesBuildPhase;
			buildActionMask = 2147483647;
			files = (
				041945C91E496EF40069E586 /* WBStatusNormalCell.xib in Resources */,
				04FA30E41E29C1A8002F6151 /* main.json in Resources */,
				04C984E31E4DD24100B38293 /* WBComposeView.xib in Resources */,
				041145651E543C540006DF3E /* HMEmoticon.bundle in Resources */,
				04FC9A551E57FAB500DC8BA5 /* LLEmoticonInputView.xib in Resources */,
				040F1F231E232DA1008BB5E8 /* Assets.xcassets in Resources */,
				04C984E51E4DD6C400B38293 /* WBComposeTypebutton.xib in Resources */,
				04FC9AA71E58399900DC8BA5 /* status.sql in Resources */,
				CEEF36CB20CF7D1700D8D148 /* RefreshView.xib in Resources */,
				04CB13F81E4AB20A002A3771 /* WBStatusReweetedCell.xib in Resources */,
				04D3BC751E55859300615446 /* WBCompViewController.xib in Resources */,
			);
			runOnlyForDeploymentPostprocessing = 0;
		};
		040F1F2A1E232DA2008BB5E8 /* Resources */ = {
			isa = PBXResourcesBuildPhase;
			buildActionMask = 2147483647;
			files = (
			);
			runOnlyForDeploymentPostprocessing = 0;
		};
		040F1F351E232DA2008BB5E8 /* Resources */ = {
			isa = PBXResourcesBuildPhase;
			buildActionMask = 2147483647;
			files = (
			);
			runOnlyForDeploymentPostprocessing = 0;
		};
/* End PBXResourcesBuildPhase section */

/* Begin PBXShellScriptBuildPhase section */
		04EBC5031E24DAAB007A3E13 /* ShellScript */ = {
			isa = PBXShellScriptBuildPhase;
			buildActionMask = 2147483647;
			files = (
			);
			inputPaths = (
			);
			outputPaths = (
			);
			runOnlyForDeploymentPostprocessing = 0;
			shellPath = /bin/sh;
			shellScript = "TAGS=\"TODO:|FIXME:\"\necho \"searching ${SRCROOT} for ${TAGS}\"\nfind \"${SRCROOT}\" \\( -name \"*.swift\" \\) -print0 | xargs -0 egrep --with-filename --line-number --only-matching \"($TAGS).*\\$\" | perl -p -e \"s/($TAGS)/ warning: \\$1/\"";
		};
		66146ACADDC8CFF4ABC0B5BA /* [CP] Check Pods Manifest.lock */ = {
			isa = PBXShellScriptBuildPhase;
			buildActionMask = 2147483647;
			files = (
			);
			inputPaths = (
				"${PODS_PODFILE_DIR_PATH}/Podfile.lock",
				"${PODS_ROOT}/Manifest.lock",
			);
			name = "[CP] Check Pods Manifest.lock";
			outputPaths = (
				"$(DERIVED_FILE_DIR)/Pods-WeiboSwift-checkManifestLockResult.txt",
			);
			runOnlyForDeploymentPostprocessing = 0;
			shellPath = /bin/sh;
			shellScript = "diff \"${PODS_PODFILE_DIR_PATH}/Podfile.lock\" \"${PODS_ROOT}/Manifest.lock\" > /dev/null\nif [ $? != 0 ] ; then\n    # print error to STDERR\n    echo \"error: The sandbox is not in sync with the Podfile.lock. Run 'pod install' or update your CocoaPods installation.\" >&2\n    exit 1\nfi\n# This output is used by Xcode 'outputs' to avoid re-running this script phase.\necho \"SUCCESS\" > \"${SCRIPT_OUTPUT_FILE_0}\"\n";
			showEnvVarsInLog = 0;
		};
		C2EB43E8751D408C403CD854 /* [CP] Copy Pods Resources */ = {
			isa = PBXShellScriptBuildPhase;
			buildActionMask = 2147483647;
			files = (
			);
			inputPaths = (
			);
			name = "[CP] Copy Pods Resources";
			outputPaths = (
			);
			runOnlyForDeploymentPostprocessing = 0;
			shellPath = /bin/sh;
			shellScript = "\"${SRCROOT}/Pods/Target Support Files/Pods-WeiboSwift/Pods-WeiboSwift-resources.sh\"\n";
			showEnvVarsInLog = 0;
		};
		C8F6009A2B0DA580C163D313 /* [CP] Embed Pods Frameworks */ = {
			isa = PBXShellScriptBuildPhase;
			buildActionMask = 2147483647;
			files = (
			);
			inputPaths = (
				"${SRCROOT}/Pods/Target Support Files/Pods-WeiboSwift/Pods-WeiboSwift-frameworks.sh",
				"${BUILT_PRODUCTS_DIR}/Alamofire/Alamofire.framework",
				"${BUILT_PRODUCTS_DIR}/FFLabel/FFLabel.framework",
				"${BUILT_PRODUCTS_DIR}/FMDB/FMDB.framework",
				"${BUILT_PRODUCTS_DIR}/IQKeyboardManagerSwift/IQKeyboardManagerSwift.framework",
				"${BUILT_PRODUCTS_DIR}/Kingfisher/Kingfisher.framework",
				"${BUILT_PRODUCTS_DIR}/SDWebImage/SDWebImage.framework",
				"${BUILT_PRODUCTS_DIR}/SnapKit/SnapKit.framework",
				"${BUILT_PRODUCTS_DIR}/pop/pop.framework",
			);
			name = "[CP] Embed Pods Frameworks";
			outputPaths = (
				"${TARGET_BUILD_DIR}/${FRAMEWORKS_FOLDER_PATH}/Alamofire.framework",
				"${TARGET_BUILD_DIR}/${FRAMEWORKS_FOLDER_PATH}/FFLabel.framework",
				"${TARGET_BUILD_DIR}/${FRAMEWORKS_FOLDER_PATH}/FMDB.framework",
				"${TARGET_BUILD_DIR}/${FRAMEWORKS_FOLDER_PATH}/IQKeyboardManagerSwift.framework",
				"${TARGET_BUILD_DIR}/${FRAMEWORKS_FOLDER_PATH}/Kingfisher.framework",
				"${TARGET_BUILD_DIR}/${FRAMEWORKS_FOLDER_PATH}/SDWebImage.framework",
				"${TARGET_BUILD_DIR}/${FRAMEWORKS_FOLDER_PATH}/SnapKit.framework",
				"${TARGET_BUILD_DIR}/${FRAMEWORKS_FOLDER_PATH}/pop.framework",
			);
			runOnlyForDeploymentPostprocessing = 0;
			shellPath = /bin/sh;
			shellScript = "\"${SRCROOT}/Pods/Target Support Files/Pods-WeiboSwift/Pods-WeiboSwift-frameworks.sh\"\n";
			showEnvVarsInLog = 0;
		};
/* End PBXShellScriptBuildPhase section */

/* Begin PBXSourcesBuildPhase section */
		040F1F141E232DA1008BB5E8 /* Sources */ = {
			isa = PBXSourcesBuildPhase;
			buildActionMask = 2147483647;
			files = (
				0411456B1E5441ED0006DF3E /* LLEmoticonPackage.swift in Sources */,
				CE8B33C120C00C34001A78F4 /* Optional+Extensions.swift in Sources */,
				04EA79F81E51A08100553023 /* WBCompViewController.swift in Sources */,
				CEBDE99720BE9732009399D9 /* ProgressHUD.swift in Sources */,
				CEBDE98B20BE85FF009399D9 /* DecodeJsoner.swift in Sources */,
				04FC9AA21E58386700DC8BA5 /* WBStatusListDAL.swift in Sources */,
				041945D31E49ADA90069E586 /* WBStatusToolBar.swift in Sources */,
				CEEF36D320CF993B00D8D148 /* Common.swift in Sources */,
				CEBDE99620BE9732009399D9 /* ProgressHUD+Layout.swift in Sources */,
				047F7DB11E2334740042B2FF /* NSObject+Extension.swift in Sources */,
				041945D51E49B44C0069E586 /* WBStatusPictureView.swift in Sources */,
				04FC9A571E57FAB500DC8BA5 /* LLEmoticonCell.swift in Sources */,
				04EB351D1E28CFBF0069D2C4 /* WBVisitorView.swift in Sources */,
				CE786CAA20CFD4940002F996 /* NSMutableAttributedString+Extensions.swift in Sources */,
				04FC9AA61E58399900DC8BA5 /* LNGSQLiteManger.swift in Sources */,
				56DB6B281E474D9800A551A7 /* UserAccount.swift in Sources */,
				CEEF36CD20CF7D1700D8D148 /* RefreshHeaderView.swift in Sources */,
				CE8B33B920C00708001A78F4 /* StatusModel.swift in Sources */,
				047F7DBD1E23640D0042B2FF /* WBDiscoverViewController.swift in Sources */,
				04D3BC731E557E1B00615446 /* WBWebViewController.swift in Sources */,
				CEEF36D720CF9DBF00D8D148 /* StatusLayout.swift in Sources */,
				CEBDE99520BE9732009399D9 /* CircleProgressView.swift in Sources */,
				CEBDE99920BE9732009399D9 /* SucceedStatusView.swift in Sources */,
				041145671E543C770006DF3E /* LLEmoticonManager.swift in Sources */,
				04EBC5021E24D938007A3E13 /* WBHomeViewController.swift in Sources */,
				CEBDE98620BE7ED5009399D9 /* Reusable.swift in Sources */,
				041145691E54418B0006DF3E /* LLEmoticon.swift in Sources */,
				04C984E71E4DD6CE00B38293 /* WBComposeTypebutton.swift in Sources */,
				CEEF36D920CF9EF100D8D148 /* Constant.swift in Sources */,
				567509771E5983DC0039D3A7 /* LLEMoticonTipView.swift in Sources */,
				04F81ADC1E2F1A9600A0DECB /* UIScrollView+Extension.swift in Sources */,
				CEBDE97620BE7DB1009399D9 /* UIScrollView+Extensions.swift in Sources */,
				04EBC5001E24D4E8007A3E13 /* WBBaseViewController.swift in Sources */,
				CEEF36CF20CF7D1700D8D148 /* RefreshView.swift in Sources */,
				CE8B33B520BFCD0A001A78F4 /* UIView+Extensions.swift in Sources */,
				04F81AE01E2F3F0C00A0DECB /* WBOAuthViewController.swift in Sources */,
				CE8B33BD20C0083B001A78F4 /* StatusPictureModel.swift in Sources */,
				CEBDE98420BE7ED5009399D9 /* NibLoadable.swift in Sources */,
				CE8B33BB20C007B0001A78F4 /* UserModel.swift in Sources */,
				CEBDE99A20BE9732009399D9 /* UIView+HUD.swift in Sources */,
				CEBDE98220BE7ED5009399D9 /* StoryboardBased.swift in Sources */,
				04FC9A541E57FAB500DC8BA5 /* LLEmoticonInputView.swift in Sources */,
				04C984E11E4DD23300B38293 /* WBComposeTypeView.swift in Sources */,
				CEBDE99820BE9732009399D9 /* RotationView.swift in Sources */,
				CEBDE98320BE7ED5009399D9 /* StoryboardSceneBased.swift in Sources */,
				047F7DB21E2334740042B2FF /* Bundle+Extension.swift in Sources */,
				CEEF36D520CF9CB700D8D148 /* Int+Extensions.swift in Sources */,
				04124AEB1E5C183200E22547 /* SDBrowserImageView.m in Sources */,
				04124AED1E5C183200E22547 /* SDWaitingView.m in Sources */,
				040F1F1C1E232DA1008BB5E8 /* AppDelegate.swift in Sources */,
				04FC9A581E57FAB500DC8BA5 /* LLEmotictionLayout.swift in Sources */,
				04F81ADE1E2F385300A0DECB /* WeiboCommon.swift in Sources */,
				CEBDE98520BE7ED5009399D9 /* NibOwnerLoadable.swift in Sources */,
				CE786CA820CFB4CA0002F996 /* StatusViewModel.swift in Sources */,
				04124AEC1E5C183200E22547 /* SDPhotoBrowser.m in Sources */,
				CEEF36CE20CF7D1700D8D148 /* ScrollRefresh.swift in Sources */,
				CEEF36CC20CF7D1700D8D148 /* RefreshFooterView.swift in Sources */,
				047F7DAD1E2332F30042B2FF /* WBMeViewController.swift in Sources */,
				04DDFC851E2DB808009F778A /* WBStatusListViewModel.swift in Sources */,
				04FC9A5C1E57FBAB00DC8BA5 /* LLEmotionAttachment.swift in Sources */,
				04D4F46C1E5699EF00354A45 /* WBComposeTextView.swift in Sources */,
				041945D11E4997EA0069E586 /* UIImageView+WebImage.swift in Sources */,
				CEEF36DB20CF9F7300D8D148 /* CGRect+Extensions.swift in Sources */,
				04EBC50B1E24E7CC007A3E13 /* UIColor+Extension.swift in Sources */,
				CEBDE98820BE7ED5009399D9 /* UITableView+Reusable.swift in Sources */,
				047F7DB91E2363910042B2FF /* WBMessageViewController.swift in Sources */,
				CEBDE99C20BEA6C6009399D9 /* SingletonData.swift in Sources */,
				041945C51E496E9C0069E586 /* WBStatusCell.swift in Sources */,
				04EBC5091E24DE88007A3E13 /* UIBarButtonItem+Extension.swift in Sources */,
				CEBDE98720BE7ED5009399D9 /* UICollectionView+Reusable.swift in Sources */,
				047F7DBF1E2368ED0042B2FF /* UIImage+Extension.swift in Sources */,
				04EBC5051E24DCFB007A3E13 /* WBNavigationViewController.swift in Sources */,
				047F7DA91E2332B70042B2FF /* WBMainViewController.swift in Sources */,
				04FC9A561E57FAB500DC8BA5 /* LLEmoticonToolBar.swift in Sources */,
				567509751E597D2B0039D3A7 /* Date+Extension.swift in Sources */,
				CEBDE98D20BE9712009399D9 /* HttpsRequest.swift in Sources */,
				041945CF1E497AE70069E586 /* WBStatusViewModel.swift in Sources */,
				CEEF36D120CF969700D8D148 /* StatusNormalCell.swift in Sources */,
				04E289A51E542AFB00891F92 /* String+Extension.swift in Sources */,
			);
			runOnlyForDeploymentPostprocessing = 0;
		};
		040F1F281E232DA2008BB5E8 /* Sources */ = {
			isa = PBXSourcesBuildPhase;
			buildActionMask = 2147483647;
			files = (
				040F1F311E232DA2008BB5E8 /* WeiboSwiftTests.swift in Sources */,
			);
			runOnlyForDeploymentPostprocessing = 0;
		};
		040F1F331E232DA2008BB5E8 /* Sources */ = {
			isa = PBXSourcesBuildPhase;
			buildActionMask = 2147483647;
			files = (
				040F1F3C1E232DA2008BB5E8 /* WeiboSwiftUITests.swift in Sources */,
			);
			runOnlyForDeploymentPostprocessing = 0;
		};
/* End PBXSourcesBuildPhase section */

/* Begin PBXTargetDependency section */
		040F1F2E1E232DA2008BB5E8 /* PBXTargetDependency */ = {
			isa = PBXTargetDependency;
			target = 040F1F171E232DA1008BB5E8 /* WeiboSwift */;
			targetProxy = 040F1F2D1E232DA2008BB5E8 /* PBXContainerItemProxy */;
		};
		040F1F391E232DA2008BB5E8 /* PBXTargetDependency */ = {
			isa = PBXTargetDependency;
			target = 040F1F171E232DA1008BB5E8 /* WeiboSwift */;
			targetProxy = 040F1F381E232DA2008BB5E8 /* PBXContainerItemProxy */;
		};
/* End PBXTargetDependency section */

/* Begin XCBuildConfiguration section */
		040F1F3E1E232DA2008BB5E8 /* Debug */ = {
			isa = XCBuildConfiguration;
			buildSettings = {
				ALWAYS_SEARCH_USER_PATHS = NO;
				CLANG_ANALYZER_NONNULL = YES;
				CLANG_CXX_LANGUAGE_STANDARD = "gnu++0x";
				CLANG_CXX_LIBRARY = "libc++";
				CLANG_ENABLE_MODULES = YES;
				CLANG_ENABLE_OBJC_ARC = YES;
				CLANG_WARN_BLOCK_CAPTURE_AUTORELEASING = YES;
				CLANG_WARN_BOOL_CONVERSION = YES;
				CLANG_WARN_COMMA = YES;
				CLANG_WARN_CONSTANT_CONVERSION = YES;
				CLANG_WARN_DEPRECATED_OBJC_IMPLEMENTATIONS = YES;
				CLANG_WARN_DIRECT_OBJC_ISA_USAGE = YES_ERROR;
				CLANG_WARN_DOCUMENTATION_COMMENTS = YES;
				CLANG_WARN_EMPTY_BODY = YES;
				CLANG_WARN_ENUM_CONVERSION = YES;
				CLANG_WARN_INFINITE_RECURSION = YES;
				CLANG_WARN_INT_CONVERSION = YES;
				CLANG_WARN_NON_LITERAL_NULL_CONVERSION = YES;
				CLANG_WARN_OBJC_IMPLICIT_RETAIN_SELF = YES;
				CLANG_WARN_OBJC_LITERAL_CONVERSION = YES;
				CLANG_WARN_OBJC_ROOT_CLASS = YES_ERROR;
				CLANG_WARN_RANGE_LOOP_ANALYSIS = YES;
				CLANG_WARN_STRICT_PROTOTYPES = YES;
				CLANG_WARN_SUSPICIOUS_MOVE = YES;
				CLANG_WARN_UNREACHABLE_CODE = YES;
				CLANG_WARN__DUPLICATE_METHOD_MATCH = YES;
				"CODE_SIGN_IDENTITY[sdk=iphoneos*]" = "iPhone Developer";
				COPY_PHASE_STRIP = NO;
				DEBUG_INFORMATION_FORMAT = dwarf;
				ENABLE_STRICT_OBJC_MSGSEND = YES;
				ENABLE_TESTABILITY = YES;
				GCC_C_LANGUAGE_STANDARD = gnu99;
				GCC_DYNAMIC_NO_PIC = NO;
				GCC_NO_COMMON_BLOCKS = YES;
				GCC_OPTIMIZATION_LEVEL = 0;
				GCC_PREPROCESSOR_DEFINITIONS = (
					"DEBUG=1",
					"$(inherited)",
				);
				GCC_WARN_64_TO_32_BIT_CONVERSION = YES;
				GCC_WARN_ABOUT_RETURN_TYPE = YES_ERROR;
				GCC_WARN_UNDECLARED_SELECTOR = YES;
				GCC_WARN_UNINITIALIZED_AUTOS = YES_AGGRESSIVE;
				GCC_WARN_UNUSED_FUNCTION = YES;
				GCC_WARN_UNUSED_VARIABLE = YES;
				IPHONEOS_DEPLOYMENT_TARGET = 10.2;
				MTL_ENABLE_DEBUG_INFO = YES;
				ONLY_ACTIVE_ARCH = YES;
				SDKROOT = iphoneos;
				SWIFT_ACTIVE_COMPILATION_CONDITIONS = DEBUG;
				SWIFT_OPTIMIZATION_LEVEL = "-Onone";
				TARGETED_DEVICE_FAMILY = "1,2";
			};
			name = Debug;
		};
		040F1F3F1E232DA2008BB5E8 /* Release */ = {
			isa = XCBuildConfiguration;
			buildSettings = {
				ALWAYS_SEARCH_USER_PATHS = NO;
				CLANG_ANALYZER_NONNULL = YES;
				CLANG_CXX_LANGUAGE_STANDARD = "gnu++0x";
				CLANG_CXX_LIBRARY = "libc++";
				CLANG_ENABLE_MODULES = YES;
				CLANG_ENABLE_OBJC_ARC = YES;
				CLANG_WARN_BLOCK_CAPTURE_AUTORELEASING = YES;
				CLANG_WARN_BOOL_CONVERSION = YES;
				CLANG_WARN_COMMA = YES;
				CLANG_WARN_CONSTANT_CONVERSION = YES;
				CLANG_WARN_DEPRECATED_OBJC_IMPLEMENTATIONS = YES;
				CLANG_WARN_DIRECT_OBJC_ISA_USAGE = YES_ERROR;
				CLANG_WARN_DOCUMENTATION_COMMENTS = YES;
				CLANG_WARN_EMPTY_BODY = YES;
				CLANG_WARN_ENUM_CONVERSION = YES;
				CLANG_WARN_INFINITE_RECURSION = YES;
				CLANG_WARN_INT_CONVERSION = YES;
				CLANG_WARN_NON_LITERAL_NULL_CONVERSION = YES;
				CLANG_WARN_OBJC_IMPLICIT_RETAIN_SELF = YES;
				CLANG_WARN_OBJC_LITERAL_CONVERSION = YES;
				CLANG_WARN_OBJC_ROOT_CLASS = YES_ERROR;
				CLANG_WARN_RANGE_LOOP_ANALYSIS = YES;
				CLANG_WARN_STRICT_PROTOTYPES = YES;
				CLANG_WARN_SUSPICIOUS_MOVE = YES;
				CLANG_WARN_UNREACHABLE_CODE = YES;
				CLANG_WARN__DUPLICATE_METHOD_MATCH = YES;
				"CODE_SIGN_IDENTITY[sdk=iphoneos*]" = "iPhone Developer";
				COPY_PHASE_STRIP = NO;
				DEBUG_INFORMATION_FORMAT = "dwarf-with-dsym";
				ENABLE_NS_ASSERTIONS = NO;
				ENABLE_STRICT_OBJC_MSGSEND = YES;
				GCC_C_LANGUAGE_STANDARD = gnu99;
				GCC_NO_COMMON_BLOCKS = YES;
				GCC_WARN_64_TO_32_BIT_CONVERSION = YES;
				GCC_WARN_ABOUT_RETURN_TYPE = YES_ERROR;
				GCC_WARN_UNDECLARED_SELECTOR = YES;
				GCC_WARN_UNINITIALIZED_AUTOS = YES_AGGRESSIVE;
				GCC_WARN_UNUSED_FUNCTION = YES;
				GCC_WARN_UNUSED_VARIABLE = YES;
				IPHONEOS_DEPLOYMENT_TARGET = 10.2;
				MTL_ENABLE_DEBUG_INFO = NO;
				SDKROOT = iphoneos;
				SWIFT_OPTIMIZATION_LEVEL = "-Owholemodule";
				TARGETED_DEVICE_FAMILY = "1,2";
				VALIDATE_PRODUCT = YES;
			};
			name = Release;
		};
		040F1F411E232DA2008BB5E8 /* Debug */ = {
			isa = XCBuildConfiguration;
			baseConfigurationReference = CC33A2535664AD5F22ABF738 /* Pods-WeiboSwift.debug.xcconfig */;
			buildSettings = {
				ALWAYS_EMBED_SWIFT_STANDARD_LIBRARIES = YES;
				ASSETCATALOG_COMPILER_APPICON_NAME = AppIcon;
				ASSETCATALOG_COMPILER_LAUNCHIMAGE_NAME = LaunchImage;
				CLANG_ENABLE_MODULES = YES;
				"CODE_SIGN_IDENTITY[sdk=iphoneos*]" = "iPhone Developer";
				DEVELOPMENT_TEAM = 7BJ6EFDRN2;
				INFOPLIST_FILE = WeiboSwift/Info.plist;
				LD_RUNPATH_SEARCH_PATHS = "$(inherited) @executable_path/Frameworks";
				PRODUCT_BUNDLE_IDENTIFIER = nailiao.WeiboSwift;
				PRODUCT_NAME = "$(TARGET_NAME)";
				SWIFT_OBJC_BRIDGING_HEADER = "WeiboSwift/WeiboSwift-Bridging-Header.h";
				SWIFT_OPTIMIZATION_LEVEL = "-Onone";
				SWIFT_VERSION = 4.0;
			};
			name = Debug;
		};
		040F1F421E232DA2008BB5E8 /* Release */ = {
			isa = XCBuildConfiguration;
			baseConfigurationReference = 19845F93A62E2B7290C863F9 /* Pods-WeiboSwift.release.xcconfig */;
			buildSettings = {
				ALWAYS_EMBED_SWIFT_STANDARD_LIBRARIES = YES;
				ASSETCATALOG_COMPILER_APPICON_NAME = AppIcon;
				ASSETCATALOG_COMPILER_LAUNCHIMAGE_NAME = LaunchImage;
				CLANG_ENABLE_MODULES = YES;
				"CODE_SIGN_IDENTITY[sdk=iphoneos*]" = "iPhone Developer";
				DEVELOPMENT_TEAM = 7BJ6EFDRN2;
				INFOPLIST_FILE = WeiboSwift/Info.plist;
				LD_RUNPATH_SEARCH_PATHS = "$(inherited) @executable_path/Frameworks";
				PRODUCT_BUNDLE_IDENTIFIER = nailiao.WeiboSwift;
				PRODUCT_NAME = "$(TARGET_NAME)";
				SWIFT_OBJC_BRIDGING_HEADER = "WeiboSwift/WeiboSwift-Bridging-Header.h";
				SWIFT_VERSION = 4.0;
			};
			name = Release;
		};
		040F1F441E232DA2008BB5E8 /* Debug */ = {
			isa = XCBuildConfiguration;
			buildSettings = {
				ALWAYS_EMBED_SWIFT_STANDARD_LIBRARIES = YES;
				BUNDLE_LOADER = "$(TEST_HOST)";
				INFOPLIST_FILE = WeiboSwiftTests/Info.plist;
				LD_RUNPATH_SEARCH_PATHS = "$(inherited) @executable_path/Frameworks @loader_path/Frameworks";
				PRODUCT_BUNDLE_IDENTIFIER = nailiao.WeiboSwiftTests;
				PRODUCT_NAME = "$(TARGET_NAME)";
				SWIFT_VERSION = 3.0;
				TEST_HOST = "$(BUILT_PRODUCTS_DIR)/WeiboSwift.app/WeiboSwift";
			};
			name = Debug;
		};
		040F1F451E232DA2008BB5E8 /* Release */ = {
			isa = XCBuildConfiguration;
			buildSettings = {
				ALWAYS_EMBED_SWIFT_STANDARD_LIBRARIES = YES;
				BUNDLE_LOADER = "$(TEST_HOST)";
				INFOPLIST_FILE = WeiboSwiftTests/Info.plist;
				LD_RUNPATH_SEARCH_PATHS = "$(inherited) @executable_path/Frameworks @loader_path/Frameworks";
				PRODUCT_BUNDLE_IDENTIFIER = nailiao.WeiboSwiftTests;
				PRODUCT_NAME = "$(TARGET_NAME)";
				SWIFT_VERSION = 3.0;
				TEST_HOST = "$(BUILT_PRODUCTS_DIR)/WeiboSwift.app/WeiboSwift";
			};
			name = Release;
		};
		040F1F471E232DA2008BB5E8 /* Debug */ = {
			isa = XCBuildConfiguration;
			buildSettings = {
				ALWAYS_EMBED_SWIFT_STANDARD_LIBRARIES = YES;
				INFOPLIST_FILE = WeiboSwiftUITests/Info.plist;
				LD_RUNPATH_SEARCH_PATHS = "$(inherited) @executable_path/Frameworks @loader_path/Frameworks";
				PRODUCT_BUNDLE_IDENTIFIER = nailiao.WeiboSwiftUITests;
				PRODUCT_NAME = "$(TARGET_NAME)";
				SWIFT_VERSION = 3.0;
				TEST_TARGET_NAME = WeiboSwift;
			};
			name = Debug;
		};
		040F1F481E232DA2008BB5E8 /* Release */ = {
			isa = XCBuildConfiguration;
			buildSettings = {
				ALWAYS_EMBED_SWIFT_STANDARD_LIBRARIES = YES;
				INFOPLIST_FILE = WeiboSwiftUITests/Info.plist;
				LD_RUNPATH_SEARCH_PATHS = "$(inherited) @executable_path/Frameworks @loader_path/Frameworks";
				PRODUCT_BUNDLE_IDENTIFIER = nailiao.WeiboSwiftUITests;
				PRODUCT_NAME = "$(TARGET_NAME)";
				SWIFT_VERSION = 3.0;
				TEST_TARGET_NAME = WeiboSwift;
			};
			name = Release;
		};
/* End XCBuildConfiguration section */

/* Begin XCConfigurationList section */
		040F1F131E232DA1008BB5E8 /* Build configuration list for PBXProject "WeiboSwift" */ = {
			isa = XCConfigurationList;
			buildConfigurations = (
				040F1F3E1E232DA2008BB5E8 /* Debug */,
				040F1F3F1E232DA2008BB5E8 /* Release */,
			);
			defaultConfigurationIsVisible = 0;
			defaultConfigurationName = Release;
		};
		040F1F401E232DA2008BB5E8 /* Build configuration list for PBXNativeTarget "WeiboSwift" */ = {
			isa = XCConfigurationList;
			buildConfigurations = (
				040F1F411E232DA2008BB5E8 /* Debug */,
				040F1F421E232DA2008BB5E8 /* Release */,
			);
			defaultConfigurationIsVisible = 0;
			defaultConfigurationName = Release;
		};
		040F1F431E232DA2008BB5E8 /* Build configuration list for PBXNativeTarget "WeiboSwiftTests" */ = {
			isa = XCConfigurationList;
			buildConfigurations = (
				040F1F441E232DA2008BB5E8 /* Debug */,
				040F1F451E232DA2008BB5E8 /* Release */,
			);
			defaultConfigurationIsVisible = 0;
			defaultConfigurationName = Release;
		};
		040F1F461E232DA2008BB5E8 /* Build configuration list for PBXNativeTarget "WeiboSwiftUITests" */ = {
			isa = XCConfigurationList;
			buildConfigurations = (
				040F1F471E232DA2008BB5E8 /* Debug */,
				040F1F481E232DA2008BB5E8 /* Release */,
			);
			defaultConfigurationIsVisible = 0;
			defaultConfigurationName = Release;
		};
/* End XCConfigurationList section */
	};
	rootObject = 040F1F101E232DA1008BB5E8 /* Project object */;
}
