// !$*UTF8*$!
{
	archiveVersion = 1;
	classes = {
	};
	objectVersion = 46;
	objects = {

/* Begin PBXBuildFile section */
		040F1F1C1E232DA1008BB5E8 /* AppDelegate.swift in Sources */ = {isa = PBXBuildFile; fileRef = 040F1F1B1E232DA1008BB5E8 /* AppDelegate.swift */; };
		040F1F231E232DA1008BB5E8 /* Assets.xcassets in Resources */ = {isa = PBXBuildFile; fileRef = 040F1F221E232DA1008BB5E8 /* Assets.xcassets */; };
		040F1F311E232DA2008BB5E8 /* WeiboSwiftTests.swift in Sources */ = {isa = PBXBuildFile; fileRef = 040F1F301E232DA2008BB5E8 /* WeiboSwiftTests.swift */; };
		040F1F3C1E232DA2008BB5E8 /* WeiboSwiftUITests.swift in Sources */ = {isa = PBXBuildFile; fileRef = 040F1F3B1E232DA2008BB5E8 /* WeiboSwiftUITests.swift */; };
		041145651E543C540006DF3E /* HMEmoticon.bundle in Resources */ = {isa = PBXBuildFile; fileRef = 041145641E543C540006DF3E /* HMEmoticon.bundle */; };
		041145671E543C770006DF3E /* LLEmoticonManager.swift in Sources */ = {isa = PBXBuildFile; fileRef = 041145661E543C770006DF3E /* LLEmoticonManager.swift */; };
		041145691E54418B0006DF3E /* LLEmoticon.swift in Sources */ = {isa = PBXBuildFile; fileRef = 041145681E54418B0006DF3E /* LLEmoticon.swift */; };
		0411456B1E5441ED0006DF3E /* LLEmoticonPackage.swift in Sources */ = {isa = PBXBuildFile; fileRef = 0411456A1E5441ED0006DF3E /* LLEmoticonPackage.swift */; };
		041945C51E496E9C0069E586 /* WBStatusCell.swift in Sources */ = {isa = PBXBuildFile; fileRef = 041945C41E496E9C0069E586 /* WBStatusCell.swift */; };
		041945C91E496EF40069E586 /* WBStatusNormalCell.xib in Resources */ = {isa = PBXBuildFile; fileRef = 041945C81E496EF40069E586 /* WBStatusNormalCell.xib */; };
		041945CB1E4978350069E586 /* WBUser.swift in Sources */ = {isa = PBXBuildFile; fileRef = 041945CA1E4978350069E586 /* WBUser.swift */; };
		041945CF1E497AE70069E586 /* WBStatusViewModel.swift in Sources */ = {isa = PBXBuildFile; fileRef = 041945CE1E497AE70069E586 /* WBStatusViewModel.swift */; };
		041945D11E4997EA0069E586 /* UIImageView+WebImage.swift in Sources */ = {isa = PBXBuildFile; fileRef = 041945D01E4997EA0069E586 /* UIImageView+WebImage.swift */; };
		041945D31E49ADA90069E586 /* WBStatusToolBar.swift in Sources */ = {isa = PBXBuildFile; fileRef = 041945D21E49ADA90069E586 /* WBStatusToolBar.swift */; };
		041945D51E49B44C0069E586 /* WBStatusPictureView.swift in Sources */ = {isa = PBXBuildFile; fileRef = 041945D41E49B44C0069E586 /* WBStatusPictureView.swift */; };
		041945D71E49B56C0069E586 /* WBStatusPicture.swift in Sources */ = {isa = PBXBuildFile; fileRef = 041945D61E49B56C0069E586 /* WBStatusPicture.swift */; };
		04611DE31E4C737C008016E5 /* LLRefreshControl.swift in Sources */ = {isa = PBXBuildFile; fileRef = 04611DE21E4C737C008016E5 /* LLRefreshControl.swift */; };
		04611DEF1E4C846A008016E5 /* LLRefreshView.xib in Resources */ = {isa = PBXBuildFile; fileRef = 04611DEE1E4C846A008016E5 /* LLRefreshView.xib */; };
		04611DF71E4C8870008016E5 /* LLRefreshView.swift in Sources */ = {isa = PBXBuildFile; fileRef = 04611DF61E4C8870008016E5 /* LLRefreshView.swift */; };
		0464B54C1E48492C00B939FF /* WBTitleButton.swift in Sources */ = {isa = PBXBuildFile; fileRef = 0464B54B1E48492C00B939FF /* WBTitleButton.swift */; };
		0464B54E1E484D8700B939FF /* WBNewFeatureView.swift in Sources */ = {isa = PBXBuildFile; fileRef = 0464B54D1E484D8700B939FF /* WBNewFeatureView.swift */; };
		0464B5501E484D9300B939FF /* WBWelcomeView.swift in Sources */ = {isa = PBXBuildFile; fileRef = 0464B54F1E484D9300B939FF /* WBWelcomeView.swift */; };
		0464B5521E48523300B939FF /* WBWelcomeView.xib in Resources */ = {isa = PBXBuildFile; fileRef = 0464B5511E48523300B939FF /* WBWelcomeView.xib */; };
		0464B5541E485F3100B939FF /* WBNewFeatureView.xib in Resources */ = {isa = PBXBuildFile; fileRef = 0464B5531E485F3100B939FF /* WBNewFeatureView.xib */; };
		047F7DA91E2332B70042B2FF /* WBMainViewController.swift in Sources */ = {isa = PBXBuildFile; fileRef = 047F7DA81E2332B70042B2FF /* WBMainViewController.swift */; };
		047F7DAD1E2332F30042B2FF /* WBMeViewController.swift in Sources */ = {isa = PBXBuildFile; fileRef = 047F7DAC1E2332F30042B2FF /* WBMeViewController.swift */; };
		047F7DB11E2334740042B2FF /* NSObject+Extension.swift in Sources */ = {isa = PBXBuildFile; fileRef = 047F7DAF1E2334740042B2FF /* NSObject+Extension.swift */; };
		047F7DB21E2334740042B2FF /* Bundle+Extension.swift in Sources */ = {isa = PBXBuildFile; fileRef = 047F7DB01E2334740042B2FF /* Bundle+Extension.swift */; };
		047F7DB71E235DE70042B2FF /* UIView+YYAdd.m in Sources */ = {isa = PBXBuildFile; fileRef = 047F7DB61E235DE70042B2FF /* UIView+YYAdd.m */; };
		047F7DB91E2363910042B2FF /* WBMessageViewController.swift in Sources */ = {isa = PBXBuildFile; fileRef = 047F7DB81E2363910042B2FF /* WBMessageViewController.swift */; };
		047F7DBD1E23640D0042B2FF /* WBDiscoverViewController.swift in Sources */ = {isa = PBXBuildFile; fileRef = 047F7DBC1E23640D0042B2FF /* WBDiscoverViewController.swift */; };
		047F7DBF1E2368ED0042B2FF /* UIImage+Extension.swift in Sources */ = {isa = PBXBuildFile; fileRef = 047F7DBE1E2368ED0042B2FF /* UIImage+Extension.swift */; };
		04C984DD1E4DD1EE00B38293 /* JDRefreshControlView.swift in Sources */ = {isa = PBXBuildFile; fileRef = 04C984DB1E4DD1EE00B38293 /* JDRefreshControlView.swift */; };
		04C984DE1E4DD1EE00B38293 /* JDRefreshControlView.xib in Resources */ = {isa = PBXBuildFile; fileRef = 04C984DC1E4DD1EE00B38293 /* JDRefreshControlView.xib */; };
		04C984E11E4DD23300B38293 /* WBComposeTypeView.swift in Sources */ = {isa = PBXBuildFile; fileRef = 04C984E01E4DD23300B38293 /* WBComposeTypeView.swift */; };
		04C984E31E4DD24100B38293 /* WBComposeView.xib in Resources */ = {isa = PBXBuildFile; fileRef = 04C984E21E4DD24100B38293 /* WBComposeView.xib */; };
		04C984E51E4DD6C400B38293 /* WBComposeTypebutton.xib in Resources */ = {isa = PBXBuildFile; fileRef = 04C984E41E4DD6C400B38293 /* WBComposeTypebutton.xib */; };
		04C984E71E4DD6CE00B38293 /* WBComposeTypebutton.swift in Sources */ = {isa = PBXBuildFile; fileRef = 04C984E61E4DD6CE00B38293 /* WBComposeTypebutton.swift */; };
		04CB13F81E4AB20A002A3771 /* WBStatusReweetedCell.xib in Resources */ = {isa = PBXBuildFile; fileRef = 04CB13F71E4AB20A002A3771 /* WBStatusReweetedCell.xib */; };
		04CC9B0B1E52E881009D95BE /* LLAddPageControl.swift in Sources */ = {isa = PBXBuildFile; fileRef = 04CC9B0A1E52E881009D95BE /* LLAddPageControl.swift */; };
		04CC9B0F1E52ECC9009D95BE /* LLAddPageControlView.swift in Sources */ = {isa = PBXBuildFile; fileRef = 04CC9B0E1E52ECC9009D95BE /* LLAddPageControlView.swift */; };
		04CC9B111E52ECD7009D95BE /* LLAddPageControlView.xib in Resources */ = {isa = PBXBuildFile; fileRef = 04CC9B101E52ECD7009D95BE /* LLAddPageControlView.xib */; };
		04D3BC731E557E1B00615446 /* WBWebViewController.swift in Sources */ = {isa = PBXBuildFile; fileRef = 04D3BC721E557E1B00615446 /* WBWebViewController.swift */; };
		04D3BC751E55859300615446 /* WBCompViewController.xib in Resources */ = {isa = PBXBuildFile; fileRef = 04D3BC741E55859300615446 /* WBCompViewController.xib */; };
		04DDFC811E2DB48B009F778A /* WBStatus.swift in Sources */ = {isa = PBXBuildFile; fileRef = 04DDFC801E2DB48B009F778A /* WBStatus.swift */; };
		04DDFC851E2DB808009F778A /* WBStatusListViewModel.swift in Sources */ = {isa = PBXBuildFile; fileRef = 04DDFC841E2DB808009F778A /* WBStatusListViewModel.swift */; };
		04E289A51E542AFB00891F92 /* String+Extension.swift in Sources */ = {isa = PBXBuildFile; fileRef = 04E289A41E542AFB00891F92 /* String+Extension.swift */; };
		04E2E2D91E2C64D30015BCB6 /* WBNetworkManager.swift in Sources */ = {isa = PBXBuildFile; fileRef = 04E2E2D81E2C64D30015BCB6 /* WBNetworkManager.swift */; };
		04E2E2DD1E2C76A10015BCB6 /* WBNetworkManager+Extension.swift in Sources */ = {isa = PBXBuildFile; fileRef = 04E2E2DC1E2C76A10015BCB6 /* WBNetworkManager+Extension.swift */; };
		04EA79F81E51A08100553023 /* WBCompViewController.swift in Sources */ = {isa = PBXBuildFile; fileRef = 04EA79F71E51A08100553023 /* WBCompViewController.swift */; };
		04EB351D1E28CFBF0069D2C4 /* WBVisitorView.swift in Sources */ = {isa = PBXBuildFile; fileRef = 04EB351C1E28CFBF0069D2C4 /* WBVisitorView.swift */; };
		04EBC5001E24D4E8007A3E13 /* WBBaseViewController.swift in Sources */ = {isa = PBXBuildFile; fileRef = 04EBC4FF1E24D4E8007A3E13 /* WBBaseViewController.swift */; };
		04EBC5021E24D938007A3E13 /* WBHomeViewController.swift in Sources */ = {isa = PBXBuildFile; fileRef = 04EBC5011E24D938007A3E13 /* WBHomeViewController.swift */; };
		04EBC5051E24DCFB007A3E13 /* WBNavigationViewController.swift in Sources */ = {isa = PBXBuildFile; fileRef = 04EBC5041E24DCFB007A3E13 /* WBNavigationViewController.swift */; };
		04EBC5071E24DD1A007A3E13 /* WBDemoViewController.swift in Sources */ = {isa = PBXBuildFile; fileRef = 04EBC5061E24DD1A007A3E13 /* WBDemoViewController.swift */; };
		04EBC5091E24DE88007A3E13 /* UIBarButtonItem+Extension.swift in Sources */ = {isa = PBXBuildFile; fileRef = 04EBC5081E24DE88007A3E13 /* UIBarButtonItem+Extension.swift */; };
		04EBC50B1E24E7CC007A3E13 /* UIColor+Extension.swift in Sources */ = {isa = PBXBuildFile; fileRef = 04EBC50A1E24E7CC007A3E13 /* UIColor+Extension.swift */; };
		04F81ADC1E2F1A9600A0DECB /* UIScrollView+Extension.swift in Sources */ = {isa = PBXBuildFile; fileRef = 04F81ADB1E2F1A9600A0DECB /* UIScrollView+Extension.swift */; };
		04F81ADE1E2F385300A0DECB /* WeiboCommon.swift in Sources */ = {isa = PBXBuildFile; fileRef = 04F81ADD1E2F385300A0DECB /* WeiboCommon.swift */; };
		04F81AE01E2F3F0C00A0DECB /* WBOAuthViewController.swift in Sources */ = {isa = PBXBuildFile; fileRef = 04F81ADF1E2F3F0C00A0DECB /* WBOAuthViewController.swift */; };
		04FA30E41E29C1A8002F6151 /* main.json in Resources */ = {isa = PBXBuildFile; fileRef = 04FA30E31E29C1A8002F6151 /* main.json */; };
		56DB6B281E474D9800A551A7 /* WBUserAccount.swift in Sources */ = {isa = PBXBuildFile; fileRef = 56DB6B271E474D9700A551A7 /* WBUserAccount.swift */; };
		92B612DEC031C8C61DA3C52F /* Pods_WeiboSwift.framework in Frameworks */ = {isa = PBXBuildFile; fileRef = 3258B37946EDF128A0824230 /* Pods_WeiboSwift.framework */; };
/* End PBXBuildFile section */

/* Begin PBXContainerItemProxy section */
		040F1F2D1E232DA2008BB5E8 /* PBXContainerItemProxy */ = {
			isa = PBXContainerItemProxy;
			containerPortal = 040F1F101E232DA1008BB5E8 /* Project object */;
			proxyType = 1;
			remoteGlobalIDString = 040F1F171E232DA1008BB5E8;
			remoteInfo = WeiboSwift;
		};
		040F1F381E232DA2008BB5E8 /* PBXContainerItemProxy */ = {
			isa = PBXContainerItemProxy;
			containerPortal = 040F1F101E232DA1008BB5E8 /* Project object */;
			proxyType = 1;
			remoteGlobalIDString = 040F1F171E232DA1008BB5E8;
			remoteInfo = WeiboSwift;
		};
/* End PBXContainerItemProxy section */

/* Begin PBXFileReference section */
		040F1F181E232DA1008BB5E8 /* WeiboSwift.app */ = {isa = PBXFileReference; explicitFileType = wrapper.application; includeInIndex = 0; path = WeiboSwift.app; sourceTree = BUILT_PRODUCTS_DIR; };
		040F1F1B1E232DA1008BB5E8 /* AppDelegate.swift */ = {isa = PBXFileReference; lastKnownFileType = sourcecode.swift; path = AppDelegate.swift; sourceTree = "<group>"; };
		040F1F221E232DA1008BB5E8 /* Assets.xcassets */ = {isa = PBXFileReference; lastKnownFileType = folder.assetcatalog; path = Assets.xcassets; sourceTree = "<group>"; };
		040F1F271E232DA1008BB5E8 /* Info.plist */ = {isa = PBXFileReference; lastKnownFileType = text.plist.xml; path = Info.plist; sourceTree = "<group>"; };
		040F1F2C1E232DA2008BB5E8 /* WeiboSwiftTests.xctest */ = {isa = PBXFileReference; explicitFileType = wrapper.cfbundle; includeInIndex = 0; path = WeiboSwiftTests.xctest; sourceTree = BUILT_PRODUCTS_DIR; };
		040F1F301E232DA2008BB5E8 /* WeiboSwiftTests.swift */ = {isa = PBXFileReference; lastKnownFileType = sourcecode.swift; path = WeiboSwiftTests.swift; sourceTree = "<group>"; };
		040F1F321E232DA2008BB5E8 /* Info.plist */ = {isa = PBXFileReference; lastKnownFileType = text.plist.xml; path = Info.plist; sourceTree = "<group>"; };
		040F1F371E232DA2008BB5E8 /* WeiboSwiftUITests.xctest */ = {isa = PBXFileReference; explicitFileType = wrapper.cfbundle; includeInIndex = 0; path = WeiboSwiftUITests.xctest; sourceTree = BUILT_PRODUCTS_DIR; };
		040F1F3B1E232DA2008BB5E8 /* WeiboSwiftUITests.swift */ = {isa = PBXFileReference; lastKnownFileType = sourcecode.swift; path = WeiboSwiftUITests.swift; sourceTree = "<group>"; };
		040F1F3D1E232DA2008BB5E8 /* Info.plist */ = {isa = PBXFileReference; lastKnownFileType = text.plist.xml; path = Info.plist; sourceTree = "<group>"; };
		041145641E543C540006DF3E /* HMEmoticon.bundle */ = {isa = PBXFileReference; lastKnownFileType = "wrapper.plug-in"; path = HMEmoticon.bundle; sourceTree = "<group>"; };
		041145661E543C770006DF3E /* LLEmoticonManager.swift */ = {isa = PBXFileReference; fileEncoding = 4; lastKnownFileType = sourcecode.swift; path = LLEmoticonManager.swift; sourceTree = "<group>"; };
		041145681E54418B0006DF3E /* LLEmoticon.swift */ = {isa = PBXFileReference; fileEncoding = 4; lastKnownFileType = sourcecode.swift; path = LLEmoticon.swift; sourceTree = "<group>"; };
		0411456A1E5441ED0006DF3E /* LLEmoticonPackage.swift */ = {isa = PBXFileReference; fileEncoding = 4; lastKnownFileType = sourcecode.swift; path = LLEmoticonPackage.swift; sourceTree = "<group>"; };
		041945C41E496E9C0069E586 /* WBStatusCell.swift */ = {isa = PBXFileReference; fileEncoding = 4; lastKnownFileType = sourcecode.swift; path = WBStatusCell.swift; sourceTree = "<group>"; };
		041945C81E496EF40069E586 /* WBStatusNormalCell.xib */ = {isa = PBXFileReference; fileEncoding = 4; lastKnownFileType = file.xib; path = WBStatusNormalCell.xib; sourceTree = "<group>"; };
		041945CA1E4978350069E586 /* WBUser.swift */ = {isa = PBXFileReference; fileEncoding = 4; lastKnownFileType = sourcecode.swift; path = WBUser.swift; sourceTree = "<group>"; };
		041945CE1E497AE70069E586 /* WBStatusViewModel.swift */ = {isa = PBXFileReference; fileEncoding = 4; lastKnownFileType = sourcecode.swift; path = WBStatusViewModel.swift; sourceTree = "<group>"; };
		041945D01E4997EA0069E586 /* UIImageView+WebImage.swift */ = {isa = PBXFileReference; fileEncoding = 4; lastKnownFileType = sourcecode.swift; path = "UIImageView+WebImage.swift"; sourceTree = "<group>"; };
		041945D21E49ADA90069E586 /* WBStatusToolBar.swift */ = {isa = PBXFileReference; fileEncoding = 4; lastKnownFileType = sourcecode.swift; path = WBStatusToolBar.swift; sourceTree = "<group>"; };
		041945D41E49B44C0069E586 /* WBStatusPictureView.swift */ = {isa = PBXFileReference; fileEncoding = 4; lastKnownFileType = sourcecode.swift; path = WBStatusPictureView.swift; sourceTree = "<group>"; };
		041945D61E49B56C0069E586 /* WBStatusPicture.swift */ = {isa = PBXFileReference; fileEncoding = 4; lastKnownFileType = sourcecode.swift; path = WBStatusPicture.swift; sourceTree = "<group>"; };
		04611DE21E4C737C008016E5 /* LLRefreshControl.swift */ = {isa = PBXFileReference; fileEncoding = 4; lastKnownFileType = sourcecode.swift; path = LLRefreshControl.swift; sourceTree = "<group>"; };
		04611DEE1E4C846A008016E5 /* LLRefreshView.xib */ = {isa = PBXFileReference; fileEncoding = 4; lastKnownFileType = file.xib; path = LLRefreshView.xib; sourceTree = "<group>"; };
		04611DF61E4C8870008016E5 /* LLRefreshView.swift */ = {isa = PBXFileReference; fileEncoding = 4; lastKnownFileType = sourcecode.swift; path = LLRefreshView.swift; sourceTree = "<group>"; };
		0464B54B1E48492C00B939FF /* WBTitleButton.swift */ = {isa = PBXFileReference; fileEncoding = 4; lastKnownFileType = sourcecode.swift; path = WBTitleButton.swift; sourceTree = "<group>"; };
		0464B54D1E484D8700B939FF /* WBNewFeatureView.swift */ = {isa = PBXFileReference; fileEncoding = 4; lastKnownFileType = sourcecode.swift; path = WBNewFeatureView.swift; sourceTree = "<group>"; };
		0464B54F1E484D9300B939FF /* WBWelcomeView.swift */ = {isa = PBXFileReference; fileEncoding = 4; lastKnownFileType = sourcecode.swift; path = WBWelcomeView.swift; sourceTree = "<group>"; };
		0464B5511E48523300B939FF /* WBWelcomeView.xib */ = {isa = PBXFileReference; fileEncoding = 4; lastKnownFileType = file.xib; path = WBWelcomeView.xib; sourceTree = "<group>"; };
		0464B5531E485F3100B939FF /* WBNewFeatureView.xib */ = {isa = PBXFileReference; fileEncoding = 4; lastKnownFileType = file.xib; path = WBNewFeatureView.xib; sourceTree = "<group>"; };
		047F7DA81E2332B70042B2FF /* WBMainViewController.swift */ = {isa = PBXFileReference; fileEncoding = 4; lastKnownFileType = sourcecode.swift; path = WBMainViewController.swift; sourceTree = "<group>"; };
		047F7DAC1E2332F30042B2FF /* WBMeViewController.swift */ = {isa = PBXFileReference; fileEncoding = 4; lastKnownFileType = sourcecode.swift; path = WBMeViewController.swift; sourceTree = "<group>"; };
		047F7DAF1E2334740042B2FF /* NSObject+Extension.swift */ = {isa = PBXFileReference; fileEncoding = 4; lastKnownFileType = sourcecode.swift; path = "NSObject+Extension.swift"; sourceTree = "<group>"; };
		047F7DB01E2334740042B2FF /* Bundle+Extension.swift */ = {isa = PBXFileReference; fileEncoding = 4; lastKnownFileType = sourcecode.swift; path = "Bundle+Extension.swift"; sourceTree = "<group>"; };
		047F7DB41E235DE70042B2FF /* WeiboSwift-Bridging-Header.h */ = {isa = PBXFileReference; lastKnownFileType = sourcecode.c.h; path = "WeiboSwift-Bridging-Header.h"; sourceTree = "<group>"; };
		047F7DB51E235DE70042B2FF /* UIView+YYAdd.h */ = {isa = PBXFileReference; fileEncoding = 4; lastKnownFileType = sourcecode.c.h; path = "UIView+YYAdd.h"; sourceTree = "<group>"; };
		047F7DB61E235DE70042B2FF /* UIView+YYAdd.m */ = {isa = PBXFileReference; fileEncoding = 4; lastKnownFileType = sourcecode.c.objc; path = "UIView+YYAdd.m"; sourceTree = "<group>"; };
		047F7DB81E2363910042B2FF /* WBMessageViewController.swift */ = {isa = PBXFileReference; fileEncoding = 4; lastKnownFileType = sourcecode.swift; path = WBMessageViewController.swift; sourceTree = "<group>"; };
		047F7DBC1E23640D0042B2FF /* WBDiscoverViewController.swift */ = {isa = PBXFileReference; fileEncoding = 4; lastKnownFileType = sourcecode.swift; path = WBDiscoverViewController.swift; sourceTree = "<group>"; };
		047F7DBE1E2368ED0042B2FF /* UIImage+Extension.swift */ = {isa = PBXFileReference; fileEncoding = 4; lastKnownFileType = sourcecode.swift; path = "UIImage+Extension.swift"; sourceTree = "<group>"; };
		04C984DB1E4DD1EE00B38293 /* JDRefreshControlView.swift */ = {isa = PBXFileReference; fileEncoding = 4; lastKnownFileType = sourcecode.swift; path = JDRefreshControlView.swift; sourceTree = "<group>"; };
		04C984DC1E4DD1EE00B38293 /* JDRefreshControlView.xib */ = {isa = PBXFileReference; fileEncoding = 4; lastKnownFileType = file.xib; path = JDRefreshControlView.xib; sourceTree = "<group>"; };
		04C984E01E4DD23300B38293 /* WBComposeTypeView.swift */ = {isa = PBXFileReference; fileEncoding = 4; lastKnownFileType = sourcecode.swift; path = WBComposeTypeView.swift; sourceTree = "<group>"; };
		04C984E21E4DD24100B38293 /* WBComposeView.xib */ = {isa = PBXFileReference; fileEncoding = 4; lastKnownFileType = file.xib; path = WBComposeView.xib; sourceTree = "<group>"; };
		04C984E41E4DD6C400B38293 /* WBComposeTypebutton.xib */ = {isa = PBXFileReference; fileEncoding = 4; lastKnownFileType = file.xib; path = WBComposeTypebutton.xib; sourceTree = "<group>"; };
		04C984E61E4DD6CE00B38293 /* WBComposeTypebutton.swift */ = {isa = PBXFileReference; fileEncoding = 4; lastKnownFileType = sourcecode.swift; path = WBComposeTypebutton.swift; sourceTree = "<group>"; };
		04CB13F71E4AB20A002A3771 /* WBStatusReweetedCell.xib */ = {isa = PBXFileReference; fileEncoding = 4; lastKnownFileType = file.xib; path = WBStatusReweetedCell.xib; sourceTree = "<group>"; };
		04CC9B0A1E52E881009D95BE /* LLAddPageControl.swift */ = {isa = PBXFileReference; fileEncoding = 4; lastKnownFileType = sourcecode.swift; path = LLAddPageControl.swift; sourceTree = "<group>"; };
		04CC9B0E1E52ECC9009D95BE /* LLAddPageControlView.swift */ = {isa = PBXFileReference; fileEncoding = 4; lastKnownFileType = sourcecode.swift; path = LLAddPageControlView.swift; sourceTree = "<group>"; };
		04CC9B101E52ECD7009D95BE /* LLAddPageControlView.xib */ = {isa = PBXFileReference; fileEncoding = 4; lastKnownFileType = file.xib; path = LLAddPageControlView.xib; sourceTree = "<group>"; };
		04D3BC721E557E1B00615446 /* WBWebViewController.swift */ = {isa = PBXFileReference; fileEncoding = 4; lastKnownFileType = sourcecode.swift; path = WBWebViewController.swift; sourceTree = "<group>"; };
		04D3BC741E55859300615446 /* WBCompViewController.xib */ = {isa = PBXFileReference; fileEncoding = 4; lastKnownFileType = file.xib; path = WBCompViewController.xib; sourceTree = "<group>"; };
		04DDFC801E2DB48B009F778A /* WBStatus.swift */ = {isa = PBXFileReference; fileEncoding = 4; lastKnownFileType = sourcecode.swift; path = WBStatus.swift; sourceTree = "<group>"; };
		04DDFC841E2DB808009F778A /* WBStatusListViewModel.swift */ = {isa = PBXFileReference; fileEncoding = 4; lastKnownFileType = sourcecode.swift; path = WBStatusListViewModel.swift; sourceTree = "<group>"; };
		04E289A41E542AFB00891F92 /* String+Extension.swift */ = {isa = PBXFileReference; fileEncoding = 4; lastKnownFileType = sourcecode.swift; path = "String+Extension.swift"; sourceTree = "<group>"; };
		04E2E2D81E2C64D30015BCB6 /* WBNetworkManager.swift */ = {isa = PBXFileReference; fileEncoding = 4; lastKnownFileType = sourcecode.swift; path = WBNetworkManager.swift; sourceTree = "<group>"; };
		04E2E2DC1E2C76A10015BCB6 /* WBNetworkManager+Extension.swift */ = {isa = PBXFileReference; fileEncoding = 4; lastKnownFileType = sourcecode.swift; path = "WBNetworkManager+Extension.swift"; sourceTree = "<group>"; };
		04EA79F71E51A08100553023 /* WBCompViewController.swift */ = {isa = PBXFileReference; fileEncoding = 4; lastKnownFileType = sourcecode.swift; path = WBCompViewController.swift; sourceTree = "<group>"; };
		04EB351C1E28CFBF0069D2C4 /* WBVisitorView.swift */ = {isa = PBXFileReference; fileEncoding = 4; lastKnownFileType = sourcecode.swift; path = WBVisitorView.swift; sourceTree = "<group>"; };
		04EBC4FF1E24D4E8007A3E13 /* WBBaseViewController.swift */ = {isa = PBXFileReference; fileEncoding = 4; lastKnownFileType = sourcecode.swift; path = WBBaseViewController.swift; sourceTree = "<group>"; };
		04EBC5011E24D938007A3E13 /* WBHomeViewController.swift */ = {isa = PBXFileReference; fileEncoding = 4; lastKnownFileType = sourcecode.swift; path = WBHomeViewController.swift; sourceTree = "<group>"; };
		04EBC5041E24DCFB007A3E13 /* WBNavigationViewController.swift */ = {isa = PBXFileReference; fileEncoding = 4; lastKnownFileType = sourcecode.swift; path = WBNavigationViewController.swift; sourceTree = "<group>"; };
		04EBC5061E24DD1A007A3E13 /* WBDemoViewController.swift */ = {isa = PBXFileReference; fileEncoding = 4; lastKnownFileType = sourcecode.swift; path = WBDemoViewController.swift; sourceTree = "<group>"; };
		04EBC5081E24DE88007A3E13 /* UIBarButtonItem+Extension.swift */ = {isa = PBXFileReference; fileEncoding = 4; lastKnownFileType = sourcecode.swift; path = "UIBarButtonItem+Extension.swift"; sourceTree = "<group>"; };
		04EBC50A1E24E7CC007A3E13 /* UIColor+Extension.swift */ = {isa = PBXFileReference; fileEncoding = 4; lastKnownFileType = sourcecode.swift; path = "UIColor+Extension.swift"; sourceTree = "<group>"; };
		04F81ADB1E2F1A9600A0DECB /* UIScrollView+Extension.swift */ = {isa = PBXFileReference; fileEncoding = 4; lastKnownFileType = sourcecode.swift; path = "UIScrollView+Extension.swift"; sourceTree = "<group>"; };
		04F81ADD1E2F385300A0DECB /* WeiboCommon.swift */ = {isa = PBXFileReference; fileEncoding = 4; lastKnownFileType = sourcecode.swift; path = WeiboCommon.swift; sourceTree = "<group>"; };
		04F81ADF1E2F3F0C00A0DECB /* WBOAuthViewController.swift */ = {isa = PBXFileReference; fileEncoding = 4; lastKnownFileType = sourcecode.swift; path = WBOAuthViewController.swift; sourceTree = "<group>"; };
		04FA30E31E29C1A8002F6151 /* main.json */ = {isa = PBXFileReference; fileEncoding = 4; lastKnownFileType = text.json; path = main.json; sourceTree = "<group>"; };
		19845F93A62E2B7290C863F9 /* Pods-WeiboSwift.release.xcconfig */ = {isa = PBXFileReference; includeInIndex = 1; lastKnownFileType = text.xcconfig; name = "Pods-WeiboSwift.release.xcconfig"; path = "Pods/Target Support Files/Pods-WeiboSwift/Pods-WeiboSwift.release.xcconfig"; sourceTree = "<group>"; };
		3258B37946EDF128A0824230 /* Pods_WeiboSwift.framework */ = {isa = PBXFileReference; explicitFileType = wrapper.framework; includeInIndex = 0; path = Pods_WeiboSwift.framework; sourceTree = BUILT_PRODUCTS_DIR; };
		56DB6B271E474D9700A551A7 /* WBUserAccount.swift */ = {isa = PBXFileReference; fileEncoding = 4; lastKnownFileType = sourcecode.swift; path = WBUserAccount.swift; sourceTree = "<group>"; };
		CC33A2535664AD5F22ABF738 /* Pods-WeiboSwift.debug.xcconfig */ = {isa = PBXFileReference; includeInIndex = 1; lastKnownFileType = text.xcconfig; name = "Pods-WeiboSwift.debug.xcconfig"; path = "Pods/Target Support Files/Pods-WeiboSwift/Pods-WeiboSwift.debug.xcconfig"; sourceTree = "<group>"; };
/* End PBXFileReference section */

/* Begin PBXFrameworksBuildPhase section */
		040F1F151E232DA1008BB5E8 /* Frameworks */ = {
			isa = PBXFrameworksBuildPhase;
			buildActionMask = 2147483647;
			files = (
				92B612DEC031C8C61DA3C52F /* Pods_WeiboSwift.framework in Frameworks */,
			);
			runOnlyForDeploymentPostprocessing = 0;
		};
		040F1F291E232DA2008BB5E8 /* Frameworks */ = {
			isa = PBXFrameworksBuildPhase;
			buildActionMask = 2147483647;
			files = (
			);
			runOnlyForDeploymentPostprocessing = 0;
		};
		040F1F341E232DA2008BB5E8 /* Frameworks */ = {
			isa = PBXFrameworksBuildPhase;
			buildActionMask = 2147483647;
			files = (
			);
			runOnlyForDeploymentPostprocessing = 0;
		};
/* End PBXFrameworksBuildPhase section */

/* Begin PBXGroup section */
		040F1F0F1E232DA1008BB5E8 = {
			isa = PBXGroup;
			children = (
				040F1F1A1E232DA1008BB5E8 /* WeiboSwift */,
				040F1F2F1E232DA2008BB5E8 /* WeiboSwiftTests */,
				040F1F3A1E232DA2008BB5E8 /* WeiboSwiftUITests */,
				040F1F191E232DA1008BB5E8 /* Products */,
				74FABB613CC247260BB5EC1B /* Pods */,
				DA714BDE44C33F8CC5008889 /* Frameworks */,
			);
			sourceTree = "<group>";
		};
		040F1F191E232DA1008BB5E8 /* Products */ = {
			isa = PBXGroup;
			children = (
				040F1F181E232DA1008BB5E8 /* WeiboSwift.app */,
				040F1F2C1E232DA2008BB5E8 /* WeiboSwiftTests.xctest */,
				040F1F371E232DA2008BB5E8 /* WeiboSwiftUITests.xctest */,
			);
			name = Products;
			sourceTree = "<group>";
		};
		040F1F1A1E232DA1008BB5E8 /* WeiboSwift */ = {
			isa = PBXGroup;
			children = (
				040F1F1B1E232DA1008BB5E8 /* AppDelegate.swift */,
				04FA30E31E29C1A8002F6151 /* main.json */,
				0464B54D1E484D8700B939FF /* WBNewFeatureView.swift */,
				0464B5531E485F3100B939FF /* WBNewFeatureView.xib */,
				0464B54F1E484D9300B939FF /* WBWelcomeView.swift */,
				0464B5511E48523300B939FF /* WBWelcomeView.xib */,
				04EB351C1E28CFBF0069D2C4 /* WBVisitorView.swift */,
				04EBC5061E24DD1A007A3E13 /* WBDemoViewController.swift */,
				04F81ADF1E2F3F0C00A0DECB /* WBOAuthViewController.swift */,
				041145631E543C400006DF3E /* Emoticon */,
				04C984DF1E4DD21A00B38293 /* Compose */,
				04611DE11E4C7340008016E5 /* RefreshControl */,
				04D72E271E495F4A005FDF44 /* Home */,
				04DDFC831E2DB7EB009F778A /* ViewModel */,
				04DDFC7F1E2DB479009F778A /* Model */,
				04E2E2D71E2C64B20015BCB6 /* Tool */,
				04EB351B1E28B93E0069D2C4 /* Base */,
				04EB351A1E28B9360069D2C4 /* Me */,
				04EB35191E28B92B0069D2C4 /* Discover */,
				04EB35181E28B9230069D2C4 /* Message */,
				047F7DB31E235D960042B2FF /* Addtions */,
				047F7DAE1E2334640042B2FF /* Extension */,
				04DDFC821E2DB56F009F778A /* Supporting Files */,
			);
			path = WeiboSwift;
			sourceTree = "<group>";
		};
		040F1F2F1E232DA2008BB5E8 /* WeiboSwiftTests */ = {
			isa = PBXGroup;
			children = (
				040F1F301E232DA2008BB5E8 /* WeiboSwiftTests.swift */,
				040F1F321E232DA2008BB5E8 /* Info.plist */,
			);
			path = WeiboSwiftTests;
			sourceTree = "<group>";
		};
		040F1F3A1E232DA2008BB5E8 /* WeiboSwiftUITests */ = {
			isa = PBXGroup;
			children = (
				040F1F3B1E232DA2008BB5E8 /* WeiboSwiftUITests.swift */,
				040F1F3D1E232DA2008BB5E8 /* Info.plist */,
			);
			path = WeiboSwiftUITests;
			sourceTree = "<group>";
		};
		041145631E543C400006DF3E /* Emoticon */ = {
			isa = PBXGroup;
			children = (
				041145641E543C540006DF3E /* HMEmoticon.bundle */,
				041145661E543C770006DF3E /* LLEmoticonManager.swift */,
				041145681E54418B0006DF3E /* LLEmoticon.swift */,
				0411456A1E5441ED0006DF3E /* LLEmoticonPackage.swift */,
			);
			name = Emoticon;
			sourceTree = "<group>";
		};
		04611DE11E4C7340008016E5 /* RefreshControl */ = {
			isa = PBXGroup;
			children = (
				04CC9B0D1E52EC8C009D95BE /* AddPage */,
				04CC9B0C1E52EC3E009D95BE /* Refresh */,
			);
			name = RefreshControl;
			sourceTree = "<group>";
		};
		047F7DAE1E2334640042B2FF /* Extension */ = {
			isa = PBXGroup;
			children = (
				04EBC50A1E24E7CC007A3E13 /* UIColor+Extension.swift */,
				047F7DAF1E2334740042B2FF /* NSObject+Extension.swift */,
				047F7DB01E2334740042B2FF /* Bundle+Extension.swift */,
				047F7DBE1E2368ED0042B2FF /* UIImage+Extension.swift */,
				04EBC5081E24DE88007A3E13 /* UIBarButtonItem+Extension.swift */,
				04F81ADB1E2F1A9600A0DECB /* UIScrollView+Extension.swift */,
				041945D01E4997EA0069E586 /* UIImageView+WebImage.swift */,
				04E289A41E542AFB00891F92 /* String+Extension.swift */,
			);
			name = Extension;
			sourceTree = "<group>";
		};
		047F7DB31E235D960042B2FF /* Addtions */ = {
			isa = PBXGroup;
			children = (
				047F7DB51E235DE70042B2FF /* UIView+YYAdd.h */,
				047F7DB61E235DE70042B2FF /* UIView+YYAdd.m */,
			);
			name = Addtions;
			sourceTree = "<group>";
		};
		04C984DF1E4DD21A00B38293 /* Compose */ = {
			isa = PBXGroup;
			children = (
				04C984E01E4DD23300B38293 /* WBComposeTypeView.swift */,
				04C984E21E4DD24100B38293 /* WBComposeView.xib */,
				04C984E61E4DD6CE00B38293 /* WBComposeTypebutton.swift */,
				04C984E41E4DD6C400B38293 /* WBComposeTypebutton.xib */,
				04EA79F71E51A08100553023 /* WBCompViewController.swift */,
				04D3BC741E55859300615446 /* WBCompViewController.xib */,
			);
			name = Compose;
			sourceTree = "<group>";
		};
		04CC9B0C1E52EC3E009D95BE /* Refresh */ = {
			isa = PBXGroup;
			children = (
				04611DE21E4C737C008016E5 /* LLRefreshControl.swift */,
				04611DF61E4C8870008016E5 /* LLRefreshView.swift */,
				04611DEE1E4C846A008016E5 /* LLRefreshView.xib */,
				04C984DB1E4DD1EE00B38293 /* JDRefreshControlView.swift */,
				04C984DC1E4DD1EE00B38293 /* JDRefreshControlView.xib */,
			);
			name = Refresh;
			sourceTree = "<group>";
		};
		04CC9B0D1E52EC8C009D95BE /* AddPage */ = {
			isa = PBXGroup;
			children = (
				04CC9B0E1E52ECC9009D95BE /* LLAddPageControlView.swift */,
				04CC9B101E52ECD7009D95BE /* LLAddPageControlView.xib */,
				04CC9B0A1E52E881009D95BE /* LLAddPageControl.swift */,
			);
			name = AddPage;
			sourceTree = "<group>";
		};
		04D72E271E495F4A005FDF44 /* Home */ = {
			isa = PBXGroup;
			children = (
				04EBC5011E24D938007A3E13 /* WBHomeViewController.swift */,
				0464B54B1E48492C00B939FF /* WBTitleButton.swift */,
				041945C41E496E9C0069E586 /* WBStatusCell.swift */,
				041945C81E496EF40069E586 /* WBStatusNormalCell.xib */,
				04CB13F71E4AB20A002A3771 /* WBStatusReweetedCell.xib */,
				041945D21E49ADA90069E586 /* WBStatusToolBar.swift */,
				041945D41E49B44C0069E586 /* WBStatusPictureView.swift */,
				04D3BC721E557E1B00615446 /* WBWebViewController.swift */,
			);
			name = Home;
			sourceTree = "<group>";
		};
		04DDFC7F1E2DB479009F778A /* Model */ = {
			isa = PBXGroup;
			children = (
				04DDFC801E2DB48B009F778A /* WBStatus.swift */,
				041945CA1E4978350069E586 /* WBUser.swift */,
				041945D61E49B56C0069E586 /* WBStatusPicture.swift */,
			);
			name = Model;
			sourceTree = "<group>";
		};
		04DDFC821E2DB56F009F778A /* Supporting Files */ = {
			isa = PBXGroup;
			children = (
				047F7DB41E235DE70042B2FF /* WeiboSwift-Bridging-Header.h */,
				040F1F221E232DA1008BB5E8 /* Assets.xcassets */,
				040F1F271E232DA1008BB5E8 /* Info.plist */,
			);
			name = "Supporting Files";
			sourceTree = "<group>";
		};
		04DDFC831E2DB7EB009F778A /* ViewModel */ = {
			isa = PBXGroup;
			children = (
				04DDFC841E2DB808009F778A /* WBStatusListViewModel.swift */,
				041945CE1E497AE70069E586 /* WBStatusViewModel.swift */,
			);
			name = ViewModel;
			sourceTree = "<group>";
		};
		04E2E2D71E2C64B20015BCB6 /* Tool */ = {
			isa = PBXGroup;
			children = (
				04E2E2D81E2C64D30015BCB6 /* WBNetworkManager.swift */,
				56DB6B271E474D9700A551A7 /* WBUserAccount.swift */,
				04E2E2DC1E2C76A10015BCB6 /* WBNetworkManager+Extension.swift */,
				04F81ADD1E2F385300A0DECB /* WeiboCommon.swift */,
			);
			name = Tool;
			sourceTree = "<group>";
		};
		04EB35181E28B9230069D2C4 /* Message */ = {
			isa = PBXGroup;
			children = (
				047F7DB81E2363910042B2FF /* WBMessageViewController.swift */,
			);
			name = Message;
			sourceTree = "<group>";
		};
		04EB35191E28B92B0069D2C4 /* Discover */ = {
			isa = PBXGroup;
			children = (
				047F7DBC1E23640D0042B2FF /* WBDiscoverViewController.swift */,
			);
			name = Discover;
			sourceTree = "<group>";
		};
		04EB351A1E28B9360069D2C4 /* Me */ = {
			isa = PBXGroup;
			children = (
				047F7DAC1E2332F30042B2FF /* WBMeViewController.swift */,
			);
			name = Me;
			sourceTree = "<group>";
		};
		04EB351B1E28B93E0069D2C4 /* Base */ = {
			isa = PBXGroup;
			children = (
				04EBC4FF1E24D4E8007A3E13 /* WBBaseViewController.swift */,
				047F7DA81E2332B70042B2FF /* WBMainViewController.swift */,
				04EBC5041E24DCFB007A3E13 /* WBNavigationViewController.swift */,
			);
			name = Base;
			sourceTree = "<group>";
		};
		74FABB613CC247260BB5EC1B /* Pods */ = {
			isa = PBXGroup;
			children = (
				CC33A2535664AD5F22ABF738 /* Pods-WeiboSwift.debug.xcconfig */,
				19845F93A62E2B7290C863F9 /* Pods-WeiboSwift.release.xcconfig */,
			);
			name = Pods;
			sourceTree = "<group>";
		};
		DA714BDE44C33F8CC5008889 /* Frameworks */ = {
			isa = PBXGroup;
			children = (
				3258B37946EDF128A0824230 /* Pods_WeiboSwift.framework */,
			);
			name = Frameworks;
			sourceTree = "<group>";
		};
/* End PBXGroup section */

/* Begin PBXNativeTarget section */
		040F1F171E232DA1008BB5E8 /* WeiboSwift */ = {
			isa = PBXNativeTarget;
			buildConfigurationList = 040F1F401E232DA2008BB5E8 /* Build configuration list for PBXNativeTarget "WeiboSwift" */;
			buildPhases = (
				66146ACADDC8CFF4ABC0B5BA /* [CP] Check Pods Manifest.lock */,
				040F1F141E232DA1008BB5E8 /* Sources */,
				040F1F151E232DA1008BB5E8 /* Frameworks */,
				040F1F161E232DA1008BB5E8 /* Resources */,
				04EBC5031E24DAAB007A3E13 /* ShellScript */,
				C8F6009A2B0DA580C163D313 /* [CP] Embed Pods Frameworks */,
				C2EB43E8751D408C403CD854 /* [CP] Copy Pods Resources */,
			);
			buildRules = (
			);
			dependencies = (
			);
			name = WeiboSwift;
			productName = WeiboSwift;
			productReference = 040F1F181E232DA1008BB5E8 /* WeiboSwift.app */;
			productType = "com.apple.product-type.application";
		};
		040F1F2B1E232DA2008BB5E8 /* WeiboSwiftTests */ = {
			isa = PBXNativeTarget;
			buildConfigurationList = 040F1F431E232DA2008BB5E8 /* Build configuration list for PBXNativeTarget "WeiboSwiftTests" */;
			buildPhases = (
				040F1F281E232DA2008BB5E8 /* Sources */,
				040F1F291E232DA2008BB5E8 /* Frameworks */,
				040F1F2A1E232DA2008BB5E8 /* Resources */,
			);
			buildRules = (
			);
			dependencies = (
				040F1F2E1E232DA2008BB5E8 /* PBXTargetDependency */,
			);
			name = WeiboSwiftTests;
			productName = WeiboSwiftTests;
			productReference = 040F1F2C1E232DA2008BB5E8 /* WeiboSwiftTests.xctest */;
			productType = "com.apple.product-type.bundle.unit-test";
		};
		040F1F361E232DA2008BB5E8 /* WeiboSwiftUITests */ = {
			isa = PBXNativeTarget;
			buildConfigurationList = 040F1F461E232DA2008BB5E8 /* Build configuration list for PBXNativeTarget "WeiboSwiftUITests" */;
			buildPhases = (
				040F1F331E232DA2008BB5E8 /* Sources */,
				040F1F341E232DA2008BB5E8 /* Frameworks */,
				040F1F351E232DA2008BB5E8 /* Resources */,
			);
			buildRules = (
			);
			dependencies = (
				040F1F391E232DA2008BB5E8 /* PBXTargetDependency */,
			);
			name = WeiboSwiftUITests;
			productName = WeiboSwiftUITests;
			productReference = 040F1F371E232DA2008BB5E8 /* WeiboSwiftUITests.xctest */;
			productType = "com.apple.product-type.bundle.ui-testing";
		};
/* End PBXNativeTarget section */

/* Begin PBXProject section */
		040F1F101E232DA1008BB5E8 /* Project object */ = {
			isa = PBXProject;
			attributes = {
				CLASSPREFIX = WB;
				LastSwiftUpdateCheck = 0820;
				LastUpgradeCheck = 0820;
				ORGANIZATIONNAME = nailiao;
				TargetAttributes = {
					040F1F171E232DA1008BB5E8 = {
						CreatedOnToolsVersion = 8.2.1;
						DevelopmentTeam = 7BJ6EFDRN2;
						LastSwiftMigration = 0820;
						ProvisioningStyle = Automatic;
					};
					040F1F2B1E232DA2008BB5E8 = {
						CreatedOnToolsVersion = 8.2.1;
						ProvisioningStyle = Automatic;
						TestTargetID = 040F1F171E232DA1008BB5E8;
					};
					040F1F361E232DA2008BB5E8 = {
						CreatedOnToolsVersion = 8.2.1;
						ProvisioningStyle = Automatic;
						TestTargetID = 040F1F171E232DA1008BB5E8;
					};
				};
			};
			buildConfigurationList = 040F1F131E232DA1008BB5E8 /* Build configuration list for PBXProject "WeiboSwift" */;
			compatibilityVersion = "Xcode 3.2";
			developmentRegion = English;
			hasScannedForEncodings = 0;
			knownRegions = (
				en,
				Base,
			);
			mainGroup = 040F1F0F1E232DA1008BB5E8;
			productRefGroup = 040F1F191E232DA1008BB5E8 /* Products */;
			projectDirPath = "";
			projectRoot = "";
			targets = (
				040F1F171E232DA1008BB5E8 /* WeiboSwift */,
				040F1F2B1E232DA2008BB5E8 /* WeiboSwiftTests */,
				040F1F361E232DA2008BB5E8 /* WeiboSwiftUITests */,
			);
		};
/* End PBXProject section */

/* Begin PBXResourcesBuildPhase section */
		040F1F161E232DA1008BB5E8 /* Resources */ = {
			isa = PBXResourcesBuildPhase;
			buildActionMask = 2147483647;
			files = (
				04C984DE1E4DD1EE00B38293 /* JDRefreshControlView.xib in Resources */,
				041945C91E496EF40069E586 /* WBStatusNormalCell.xib in Resources */,
				04FA30E41E29C1A8002F6151 /* main.json in Resources */,
				04C984E31E4DD24100B38293 /* WBComposeView.xib in Resources */,
				041145651E543C540006DF3E /* HMEmoticon.bundle in Resources */,
				040F1F231E232DA1008BB5E8 /* Assets.xcassets in Resources */,
				04C984E51E4DD6C400B38293 /* WBComposeTypebutton.xib in Resources */,
				04CC9B111E52ECD7009D95BE /* LLAddPageControlView.xib in Resources */,
				04CB13F81E4AB20A002A3771 /* WBStatusReweetedCell.xib in Resources */,
				04611DEF1E4C846A008016E5 /* LLRefreshView.xib in Resources */,
				0464B5521E48523300B939FF /* WBWelcomeView.xib in Resources */,
				0464B5541E485F3100B939FF /* WBNewFeatureView.xib in Resources */,
				04D3BC751E55859300615446 /* WBCompViewController.xib in Resources */,
			);
			runOnlyForDeploymentPostprocessing = 0;
		};
		040F1F2A1E232DA2008BB5E8 /* Resources */ = {
			isa = PBXResourcesBuildPhase;
			buildActionMask = 2147483647;
			files = (
			);
			runOnlyForDeploymentPostprocessing = 0;
		};
		040F1F351E232DA2008BB5E8 /* Resources */ = {
			isa = PBXResourcesBuildPhase;
			buildActionMask = 2147483647;
			files = (
			);
			runOnlyForDeploymentPostprocessing = 0;
		};
/* End PBXResourcesBuildPhase section */

/* Begin PBXShellScriptBuildPhase section */
		04EBC5031E24DAAB007A3E13 /* ShellScript */ = {
			isa = PBXShellScriptBuildPhase;
			buildActionMask = 2147483647;
			files = (
			);
			inputPaths = (
			);
			outputPaths = (
			);
			runOnlyForDeploymentPostprocessing = 0;
			shellPath = /bin/sh;
			shellScript = "TAGS=\"TODO:|FIXME:\"\necho \"searching ${SRCROOT} for ${TAGS}\"\nfind \"${SRCROOT}\" \\( -name \"*.swift\" \\) -print0 | xargs -0 egrep --with-filename --line-number --only-matching \"($TAGS).*\\$\" | perl -p -e \"s/($TAGS)/ warning: \\$1/\"";
		};
		66146ACADDC8CFF4ABC0B5BA /* [CP] Check Pods Manifest.lock */ = {
			isa = PBXShellScriptBuildPhase;
			buildActionMask = 2147483647;
			files = (
			);
			inputPaths = (
			);
			name = "[CP] Check Pods Manifest.lock";
			outputPaths = (
			);
			runOnlyForDeploymentPostprocessing = 0;
			shellPath = /bin/sh;
			shellScript = "diff \"${PODS_ROOT}/../Podfile.lock\" \"${PODS_ROOT}/Manifest.lock\" > /dev/null\nif [ $? != 0 ] ; then\n    # print error to STDERR\n    echo \"error: The sandbox is not in sync with the Podfile.lock. Run 'pod install' or update your CocoaPods installation.\" >&2\n    exit 1\nfi\n";
			showEnvVarsInLog = 0;
		};
		C2EB43E8751D408C403CD854 /* [CP] Copy Pods Resources */ = {
			isa = PBXShellScriptBuildPhase;
			buildActionMask = 2147483647;
			files = (
			);
			inputPaths = (
			);
			name = "[CP] Copy Pods Resources";
			outputPaths = (
			);
			runOnlyForDeploymentPostprocessing = 0;
			shellPath = /bin/sh;
			shellScript = "\"${SRCROOT}/Pods/Target Support Files/Pods-WeiboSwift/Pods-WeiboSwift-resources.sh\"\n";
			showEnvVarsInLog = 0;
		};
		C8F6009A2B0DA580C163D313 /* [CP] Embed Pods Frameworks */ = {
			isa = PBXShellScriptBuildPhase;
			buildActionMask = 2147483647;
			files = (
			);
			inputPaths = (
			);
			name = "[CP] Embed Pods Frameworks";
			outputPaths = (
			);
			runOnlyForDeploymentPostprocessing = 0;
			shellPath = /bin/sh;
			shellScript = "\"${SRCROOT}/Pods/Target Support Files/Pods-WeiboSwift/Pods-WeiboSwift-frameworks.sh\"\n";
			showEnvVarsInLog = 0;
		};
/* End PBXShellScriptBuildPhase section */

/* Begin PBXSourcesBuildPhase section */
		040F1F141E232DA1008BB5E8 /* Sources */ = {
			isa = PBXSourcesBuildPhase;
			buildActionMask = 2147483647;
			files = (
				0411456B1E5441ED0006DF3E /* LLEmoticonPackage.swift in Sources */,
				04EA79F81E51A08100553023 /* WBCompViewController.swift in Sources */,
				041945D31E49ADA90069E586 /* WBStatusToolBar.swift in Sources */,
				047F7DB11E2334740042B2FF /* NSObject+Extension.swift in Sources */,
				0464B54C1E48492C00B939FF /* WBTitleButton.swift in Sources */,
				041945D51E49B44C0069E586 /* WBStatusPictureView.swift in Sources */,
				047F7DB71E235DE70042B2FF /* UIView+YYAdd.m in Sources */,
				04EB351D1E28CFBF0069D2C4 /* WBVisitorView.swift in Sources */,
				56DB6B281E474D9800A551A7 /* WBUserAccount.swift in Sources */,
				047F7DBD1E23640D0042B2FF /* WBDiscoverViewController.swift in Sources */,
				04D3BC731E557E1B00615446 /* WBWebViewController.swift in Sources */,
				0464B5501E484D9300B939FF /* WBWelcomeView.swift in Sources */,
				041945CB1E4978350069E586 /* WBUser.swift in Sources */,
				041145671E543C770006DF3E /* LLEmoticonManager.swift in Sources */,
				04EBC5021E24D938007A3E13 /* WBHomeViewController.swift in Sources */,
				04611DE31E4C737C008016E5 /* LLRefreshControl.swift in Sources */,
				04C984DD1E4DD1EE00B38293 /* JDRefreshControlView.swift in Sources */,
				0464B54E1E484D8700B939FF /* WBNewFeatureView.swift in Sources */,
				04CC9B0F1E52ECC9009D95BE /* LLAddPageControlView.swift in Sources */,
				04DDFC811E2DB48B009F778A /* WBStatus.swift in Sources */,
				041145691E54418B0006DF3E /* LLEmoticon.swift in Sources */,
				04C984E71E4DD6CE00B38293 /* WBComposeTypebutton.swift in Sources */,
				041945D71E49B56C0069E586 /* WBStatusPicture.swift in Sources */,
				04EBC5071E24DD1A007A3E13 /* WBDemoViewController.swift in Sources */,
				04F81ADC1E2F1A9600A0DECB /* UIScrollView+Extension.swift in Sources */,
				04EBC5001E24D4E8007A3E13 /* WBBaseViewController.swift in Sources */,
				04F81AE01E2F3F0C00A0DECB /* WBOAuthViewController.swift in Sources */,
				04C984E11E4DD23300B38293 /* WBComposeTypeView.swift in Sources */,
				047F7DB21E2334740042B2FF /* Bundle+Extension.swift in Sources */,
				040F1F1C1E232DA1008BB5E8 /* AppDelegate.swift in Sources */,
				04F81ADE1E2F385300A0DECB /* WeiboCommon.swift in Sources */,
				047F7DAD1E2332F30042B2FF /* WBMeViewController.swift in Sources */,
				04DDFC851E2DB808009F778A /* WBStatusListViewModel.swift in Sources */,
				04611DF71E4C8870008016E5 /* LLRefreshView.swift in Sources */,
				041945D11E4997EA0069E586 /* UIImageView+WebImage.swift in Sources */,
				04EBC50B1E24E7CC007A3E13 /* UIColor+Extension.swift in Sources */,
				047F7DB91E2363910042B2FF /* WBMessageViewController.swift in Sources */,
				04E2E2D91E2C64D30015BCB6 /* WBNetworkManager.swift in Sources */,
				041945C51E496E9C0069E586 /* WBStatusCell.swift in Sources */,
				04CC9B0B1E52E881009D95BE /* LLAddPageControl.swift in Sources */,
				04EBC5091E24DE88007A3E13 /* UIBarButtonItem+Extension.swift in Sources */,
				047F7DBF1E2368ED0042B2FF /* UIImage+Extension.swift in Sources */,
				04EBC5051E24DCFB007A3E13 /* WBNavigationViewController.swift in Sources */,
				04E2E2DD1E2C76A10015BCB6 /* WBNetworkManager+Extension.swift in Sources */,
				047F7DA91E2332B70042B2FF /* WBMainViewController.swift in Sources */,
				041945CF1E497AE70069E586 /* WBStatusViewModel.swift in Sources */,
				04E289A51E542AFB00891F92 /* String+Extension.swift in Sources */,
			);
			runOnlyForDeploymentPostprocessing = 0;
		};
		040F1F281E232DA2008BB5E8 /* Sources */ = {
			isa = PBXSourcesBuildPhase;
			buildActionMask = 2147483647;
			files = (
				040F1F311E232DA2008BB5E8 /* WeiboSwiftTests.swift in Sources */,
			);
			runOnlyForDeploymentPostprocessing = 0;
		};
		040F1F331E232DA2008BB5E8 /* Sources */ = {
			isa = PBXSourcesBuildPhase;
			buildActionMask = 2147483647;
			files = (
				040F1F3C1E232DA2008BB5E8 /* WeiboSwiftUITests.swift in Sources */,
			);
			runOnlyForDeploymentPostprocessing = 0;
		};
/* End PBXSourcesBuildPhase section */

/* Begin PBXTargetDependency section */
		040F1F2E1E232DA2008BB5E8 /* PBXTargetDependency */ = {
			isa = PBXTargetDependency;
			target = 040F1F171E232DA1008BB5E8 /* WeiboSwift */;
			targetProxy = 040F1F2D1E232DA2008BB5E8 /* PBXContainerItemProxy */;
		};
		040F1F391E232DA2008BB5E8 /* PBXTargetDependency */ = {
			isa = PBXTargetDependency;
			target = 040F1F171E232DA1008BB5E8 /* WeiboSwift */;
			targetProxy = 040F1F381E232DA2008BB5E8 /* PBXContainerItemProxy */;
		};
/* End PBXTargetDependency section */

/* Begin XCBuildConfiguration section */
		040F1F3E1E232DA2008BB5E8 /* Debug */ = {
			isa = XCBuildConfiguration;
			buildSettings = {
				ALWAYS_SEARCH_USER_PATHS = NO;
				CLANG_ANALYZER_NONNULL = YES;
				CLANG_CXX_LANGUAGE_STANDARD = "gnu++0x";
				CLANG_CXX_LIBRARY = "libc++";
				CLANG_ENABLE_MODULES = YES;
				CLANG_ENABLE_OBJC_ARC = YES;
				CLANG_WARN_BOOL_CONVERSION = YES;
				CLANG_WARN_CONSTANT_CONVERSION = YES;
				CLANG_WARN_DIRECT_OBJC_ISA_USAGE = YES_ERROR;
				CLANG_WARN_DOCUMENTATION_COMMENTS = YES;
				CLANG_WARN_EMPTY_BODY = YES;
				CLANG_WARN_ENUM_CONVERSION = YES;
				CLANG_WARN_INFINITE_RECURSION = YES;
				CLANG_WARN_INT_CONVERSION = YES;
				CLANG_WARN_OBJC_ROOT_CLASS = YES_ERROR;
				CLANG_WARN_SUSPICIOUS_MOVE = YES;
				CLANG_WARN_UNREACHABLE_CODE = YES;
				CLANG_WARN__DUPLICATE_METHOD_MATCH = YES;
				"CODE_SIGN_IDENTITY[sdk=iphoneos*]" = "iPhone Developer";
				COPY_PHASE_STRIP = NO;
				DEBUG_INFORMATION_FORMAT = dwarf;
				ENABLE_STRICT_OBJC_MSGSEND = YES;
				ENABLE_TESTABILITY = YES;
				GCC_C_LANGUAGE_STANDARD = gnu99;
				GCC_DYNAMIC_NO_PIC = NO;
				GCC_NO_COMMON_BLOCKS = YES;
				GCC_OPTIMIZATION_LEVEL = 0;
				GCC_PREPROCESSOR_DEFINITIONS = (
					"DEBUG=1",
					"$(inherited)",
				);
				GCC_WARN_64_TO_32_BIT_CONVERSION = YES;
				GCC_WARN_ABOUT_RETURN_TYPE = YES_ERROR;
				GCC_WARN_UNDECLARED_SELECTOR = YES;
				GCC_WARN_UNINITIALIZED_AUTOS = YES_AGGRESSIVE;
				GCC_WARN_UNUSED_FUNCTION = YES;
				GCC_WARN_UNUSED_VARIABLE = YES;
				IPHONEOS_DEPLOYMENT_TARGET = 10.2;
				MTL_ENABLE_DEBUG_INFO = YES;
				ONLY_ACTIVE_ARCH = YES;
				SDKROOT = iphoneos;
				SWIFT_ACTIVE_COMPILATION_CONDITIONS = DEBUG;
				SWIFT_OPTIMIZATION_LEVEL = "-Onone";
				TARGETED_DEVICE_FAMILY = "1,2";
			};
			name = Debug;
		};
		040F1F3F1E232DA2008BB5E8 /* Release */ = {
			isa = XCBuildConfiguration;
			buildSettings = {
				ALWAYS_SEARCH_USER_PATHS = NO;
				CLANG_ANALYZER_NONNULL = YES;
				CLANG_CXX_LANGUAGE_STANDARD = "gnu++0x";
				CLANG_CXX_LIBRARY = "libc++";
				CLANG_ENABLE_MODULES = YES;
				CLANG_ENABLE_OBJC_ARC = YES;
				CLANG_WARN_BOOL_CONVERSION = YES;
				CLANG_WARN_CONSTANT_CONVERSION = YES;
				CLANG_WARN_DIRECT_OBJC_ISA_USAGE = YES_ERROR;
				CLANG_WARN_DOCUMENTATION_COMMENTS = YES;
				CLANG_WARN_EMPTY_BODY = YES;
				CLANG_WARN_ENUM_CONVERSION = YES;
				CLANG_WARN_INFINITE_RECURSION = YES;
				CLANG_WARN_INT_CONVERSION = YES;
				CLANG_WARN_OBJC_ROOT_CLASS = YES_ERROR;
				CLANG_WARN_SUSPICIOUS_MOVE = YES;
				CLANG_WARN_UNREACHABLE_CODE = YES;
				CLANG_WARN__DUPLICATE_METHOD_MATCH = YES;
				"CODE_SIGN_IDENTITY[sdk=iphoneos*]" = "iPhone Developer";
				COPY_PHASE_STRIP = NO;
				DEBUG_INFORMATION_FORMAT = "dwarf-with-dsym";
				ENABLE_NS_ASSERTIONS = NO;
				ENABLE_STRICT_OBJC_MSGSEND = YES;
				GCC_C_LANGUAGE_STANDARD = gnu99;
				GCC_NO_COMMON_BLOCKS = YES;
				GCC_WARN_64_TO_32_BIT_CONVERSION = YES;
				GCC_WARN_ABOUT_RETURN_TYPE = YES_ERROR;
				GCC_WARN_UNDECLARED_SELECTOR = YES;
				GCC_WARN_UNINITIALIZED_AUTOS = YES_AGGRESSIVE;
				GCC_WARN_UNUSED_FUNCTION = YES;
				GCC_WARN_UNUSED_VARIABLE = YES;
				IPHONEOS_DEPLOYMENT_TARGET = 10.2;
				MTL_ENABLE_DEBUG_INFO = NO;
				SDKROOT = iphoneos;
				SWIFT_OPTIMIZATION_LEVEL = "-Owholemodule";
				TARGETED_DEVICE_FAMILY = "1,2";
				VALIDATE_PRODUCT = YES;
			};
			name = Release;
		};
		040F1F411E232DA2008BB5E8 /* Debug */ = {
			isa = XCBuildConfiguration;
			baseConfigurationReference = CC33A2535664AD5F22ABF738 /* Pods-WeiboSwift.debug.xcconfig */;
			buildSettings = {
				ASSETCATALOG_COMPILER_APPICON_NAME = AppIcon;
				ASSETCATALOG_COMPILER_LAUNCHIMAGE_NAME = LaunchImage;
				CLANG_ENABLE_MODULES = YES;
				"CODE_SIGN_IDENTITY[sdk=iphoneos*]" = "iPhone Developer";
				DEVELOPMENT_TEAM = 7BJ6EFDRN2;
				INFOPLIST_FILE = WeiboSwift/Info.plist;
				LD_RUNPATH_SEARCH_PATHS = "$(inherited) @executable_path/Frameworks";
				PRODUCT_BUNDLE_IDENTIFIER = nailiao.WeiboSwift;
				PRODUCT_NAME = "$(TARGET_NAME)";
				SWIFT_OBJC_BRIDGING_HEADER = "WeiboSwift/WeiboSwift-Bridging-Header.h";
				SWIFT_OPTIMIZATION_LEVEL = "-Onone";
				SWIFT_VERSION = 3.0;
			};
			name = Debug;
		};
		040F1F421E232DA2008BB5E8 /* Release */ = {
			isa = XCBuildConfiguration;
			baseConfigurationReference = 19845F93A62E2B7290C863F9 /* Pods-WeiboSwift.release.xcconfig */;
			buildSettings = {
				ASSETCATALOG_COMPILER_APPICON_NAME = AppIcon;
				ASSETCATALOG_COMPILER_LAUNCHIMAGE_NAME = LaunchImage;
				CLANG_ENABLE_MODULES = YES;
				"CODE_SIGN_IDENTITY[sdk=iphoneos*]" = "iPhone Developer";
				DEVELOPMENT_TEAM = 7BJ6EFDRN2;
				INFOPLIST_FILE = WeiboSwift/Info.plist;
				LD_RUNPATH_SEARCH_PATHS = "$(inherited) @executable_path/Frameworks";
				PRODUCT_BUNDLE_IDENTIFIER = nailiao.WeiboSwift;
				PRODUCT_NAME = "$(TARGET_NAME)";
				SWIFT_OBJC_BRIDGING_HEADER = "WeiboSwift/WeiboSwift-Bridging-Header.h";
				SWIFT_VERSION = 3.0;
			};
			name = Release;
		};
		040F1F441E232DA2008BB5E8 /* Debug */ = {
			isa = XCBuildConfiguration;
			buildSettings = {
				ALWAYS_EMBED_SWIFT_STANDARD_LIBRARIES = YES;
				BUNDLE_LOADER = "$(TEST_HOST)";
				INFOPLIST_FILE = WeiboSwiftTests/Info.plist;
				LD_RUNPATH_SEARCH_PATHS = "$(inherited) @executable_path/Frameworks @loader_path/Frameworks";
				PRODUCT_BUNDLE_IDENTIFIER = nailiao.WeiboSwiftTests;
				PRODUCT_NAME = "$(TARGET_NAME)";
				SWIFT_VERSION = 3.0;
				TEST_HOST = "$(BUILT_PRODUCTS_DIR)/WeiboSwift.app/WeiboSwift";
			};
			name = Debug;
		};
		040F1F451E232DA2008BB5E8 /* Release */ = {
			isa = XCBuildConfiguration;
			buildSettings = {
				ALWAYS_EMBED_SWIFT_STANDARD_LIBRARIES = YES;
				BUNDLE_LOADER = "$(TEST_HOST)";
				INFOPLIST_FILE = WeiboSwiftTests/Info.plist;
				LD_RUNPATH_SEARCH_PATHS = "$(inherited) @executable_path/Frameworks @loader_path/Frameworks";
				PRODUCT_BUNDLE_IDENTIFIER = nailiao.WeiboSwiftTests;
				PRODUCT_NAME = "$(TARGET_NAME)";
				SWIFT_VERSION = 3.0;
				TEST_HOST = "$(BUILT_PRODUCTS_DIR)/WeiboSwift.app/WeiboSwift";
			};
			name = Release;
		};
		040F1F471E232DA2008BB5E8 /* Debug */ = {
			isa = XCBuildConfiguration;
			buildSettings = {
				ALWAYS_EMBED_SWIFT_STANDARD_LIBRARIES = YES;
				INFOPLIST_FILE = WeiboSwiftUITests/Info.plist;
				LD_RUNPATH_SEARCH_PATHS = "$(inherited) @executable_path/Frameworks @loader_path/Frameworks";
				PRODUCT_BUNDLE_IDENTIFIER = nailiao.WeiboSwiftUITests;
				PRODUCT_NAME = "$(TARGET_NAME)";
				SWIFT_VERSION = 3.0;
				TEST_TARGET_NAME = WeiboSwift;
			};
			name = Debug;
		};
		040F1F481E232DA2008BB5E8 /* Release */ = {
			isa = XCBuildConfiguration;
			buildSettings = {
				ALWAYS_EMBED_SWIFT_STANDARD_LIBRARIES = YES;
				INFOPLIST_FILE = WeiboSwiftUITests/Info.plist;
				LD_RUNPATH_SEARCH_PATHS = "$(inherited) @executable_path/Frameworks @loader_path/Frameworks";
				PRODUCT_BUNDLE_IDENTIFIER = nailiao.WeiboSwiftUITests;
				PRODUCT_NAME = "$(TARGET_NAME)";
				SWIFT_VERSION = 3.0;
				TEST_TARGET_NAME = WeiboSwift;
			};
			name = Release;
		};
/* End XCBuildConfiguration section */

/* Begin XCConfigurationList section */
		040F1F131E232DA1008BB5E8 /* Build configuration list for PBXProject "WeiboSwift" */ = {
			isa = XCConfigurationList;
			buildConfigurations = (
				040F1F3E1E232DA2008BB5E8 /* Debug */,
				040F1F3F1E232DA2008BB5E8 /* Release */,
			);
			defaultConfigurationIsVisible = 0;
			defaultConfigurationName = Release;
		};
		040F1F401E232DA2008BB5E8 /* Build configuration list for PBXNativeTarget "WeiboSwift" */ = {
			isa = XCConfigurationList;
			buildConfigurations = (
				040F1F411E232DA2008BB5E8 /* Debug */,
				040F1F421E232DA2008BB5E8 /* Release */,
			);
			defaultConfigurationIsVisible = 0;
			defaultConfigurationName = Release;
		};
		040F1F431E232DA2008BB5E8 /* Build configuration list for PBXNativeTarget "WeiboSwiftTests" */ = {
			isa = XCConfigurationList;
			buildConfigurations = (
				040F1F441E232DA2008BB5E8 /* Debug */,
				040F1F451E232DA2008BB5E8 /* Release */,
			);
			defaultConfigurationIsVisible = 0;
			defaultConfigurationName = Release;
		};
		040F1F461E232DA2008BB5E8 /* Build configuration list for PBXNativeTarget "WeiboSwiftUITests" */ = {
			isa = XCConfigurationList;
			buildConfigurations = (
				040F1F471E232DA2008BB5E8 /* Debug */,
				040F1F481E232DA2008BB5E8 /* Release */,
			);
			defaultConfigurationIsVisible = 0;
			defaultConfigurationName = Release;
		};
/* End XCConfigurationList section */
	};
	rootObject = 040F1F101E232DA1008BB5E8 /* Project object */;
}
